// !$*UTF8*$!
{
	archiveVersion = 1;
	classes = {
	};
	objectVersion = 46;
	objects = {

/* Begin PBXAggregateTarget section */
		"RuntimeExtensions::RuntimeExtensionsPackageTests::ProductTarget" /* RuntimeExtensionsPackageTests */ = {
			isa = PBXAggregateTarget;
			buildConfigurationList = OBJ_143 /* Build configuration list for PBXAggregateTarget "RuntimeExtensionsPackageTests" */;
			buildPhases = (
			);
			dependencies = (
				OBJ_146 /* PBXTargetDependency */,
			);
			name = RuntimeExtensionsPackageTests;
			productName = RuntimeExtensionsPackageTests;
		};
/* End PBXAggregateTarget section */

/* Begin PBXBuildFile section */
		OBJ_100 /* EnumMetadata.swift in Sources */ = {isa = PBXBuildFile; fileRef = OBJ_46 /* EnumMetadata.swift */; };
		OBJ_101 /* FuntionMetadata.swift in Sources */ = {isa = PBXBuildFile; fileRef = OBJ_47 /* FuntionMetadata.swift */; };
		OBJ_102 /* Metadata.swift in Sources */ = {isa = PBXBuildFile; fileRef = OBJ_48 /* Metadata.swift */; };
		OBJ_103 /* MetadataType.swift in Sources */ = {isa = PBXBuildFile; fileRef = OBJ_49 /* MetadataType.swift */; };
		OBJ_104 /* ProtocolMetadata.swift in Sources */ = {isa = PBXBuildFile; fileRef = OBJ_50 /* ProtocolMetadata.swift */; };
		OBJ_105 /* StructMetadata.swift in Sources */ = {isa = PBXBuildFile; fileRef = OBJ_51 /* StructMetadata.swift */; };
		OBJ_106 /* TupleMetadata.swift in Sources */ = {isa = PBXBuildFile; fileRef = OBJ_52 /* TupleMetadata.swift */; };
		OBJ_107 /* Errors.swift in Sources */ = {isa = PBXBuildFile; fileRef = OBJ_54 /* Errors.swift */; };
		OBJ_108 /* FunctionInfo.swift in Sources */ = {isa = PBXBuildFile; fileRef = OBJ_55 /* FunctionInfo.swift */; };
		OBJ_109 /* Kind.swift in Sources */ = {isa = PBXBuildFile; fileRef = OBJ_56 /* Kind.swift */; };
		OBJ_110 /* PropertyInfo.swift in Sources */ = {isa = PBXBuildFile; fileRef = OBJ_57 /* PropertyInfo.swift */; };
		OBJ_111 /* TypeInfo.swift in Sources */ = {isa = PBXBuildFile; fileRef = OBJ_58 /* TypeInfo.swift */; };
		OBJ_112 /* TypeInfoConvertible.swift in Sources */ = {isa = PBXBuildFile; fileRef = OBJ_59 /* TypeInfoConvertible.swift */; };
		OBJ_113 /* Pointers.swift in Sources */ = {isa = PBXBuildFile; fileRef = OBJ_61 /* Pointers.swift */; };
		OBJ_114 /* RelativePointer.swift in Sources */ = {isa = PBXBuildFile; fileRef = OBJ_62 /* RelativePointer.swift */; };
		OBJ_115 /* RelativeVectorPointer.swift in Sources */ = {isa = PBXBuildFile; fileRef = OBJ_63 /* RelativeVectorPointer.swift */; };
		OBJ_116 /* Vector.swift in Sources */ = {isa = PBXBuildFile; fileRef = OBJ_64 /* Vector.swift */; };
		OBJ_117 /* GetFieldAt.swift in Sources */ = {isa = PBXBuildFile; fileRef = OBJ_66 /* GetFieldAt.swift */; };
		OBJ_118 /* GettersSetters.swift in Sources */ = {isa = PBXBuildFile; fileRef = OBJ_67 /* GettersSetters.swift */; };
		OBJ_119 /* IntegerConvertible.swift in Sources */ = {isa = PBXBuildFile; fileRef = OBJ_68 /* IntegerConvertible.swift */; };
		OBJ_120 /* Pointer+Extensions.swift in Sources */ = {isa = PBXBuildFile; fileRef = OBJ_69 /* Pointer+Extensions.swift */; };
		OBJ_121 /* RetainCounts.swift in Sources */ = {isa = PBXBuildFile; fileRef = OBJ_70 /* RetainCounts.swift */; };
		OBJ_122 /* String+Extensions.swift in Sources */ = {isa = PBXBuildFile; fileRef = OBJ_71 /* String+Extensions.swift */; };
		OBJ_129 /* EmptyInitializable.swift in Sources */ = {isa = PBXBuildFile; fileRef = OBJ_8 /* EmptyInitializable.swift */; };
		OBJ_130 /* EnumUtils.swift in Sources */ = {isa = PBXBuildFile; fileRef = OBJ_9 /* EnumUtils.swift */; };
		OBJ_131 /* GlobalRuntimeFunctions.swift in Sources */ = {isa = PBXBuildFile; fileRef = OBJ_10 /* GlobalRuntimeFunctions.swift */; };
		OBJ_132 /* KVC.swift in Sources */ = {isa = PBXBuildFile; fileRef = OBJ_11 /* KVC.swift */; };
		OBJ_134 /* Runtime.framework in Frameworks */ = {isa = PBXBuildFile; fileRef = "Runtime::Runtime::Product" /* Runtime.framework */; };
		OBJ_141 /* Package.swift in Sources */ = {isa = PBXBuildFile; fileRef = OBJ_6 /* Package.swift */; };
		OBJ_152 /* RuntimeExtensionsTests.swift in Sources */ = {isa = PBXBuildFile; fileRef = OBJ_13 /* RuntimeExtensionsTests.swift */; };
		OBJ_154 /* SwiftTestUtils.framework in Frameworks */ = {isa = PBXBuildFile; fileRef = "SwiftTestUtils::SwiftTestUtils::Product" /* SwiftTestUtils.framework */; };
		OBJ_155 /* RuntimeExtensions.framework in Frameworks */ = {isa = PBXBuildFile; fileRef = "RuntimeExtensions::RuntimeExtensions::Product" /* RuntimeExtensions.framework */; };
		OBJ_156 /* Runtime.framework in Frameworks */ = {isa = PBXBuildFile; fileRef = "Runtime::Runtime::Product" /* Runtime.framework */; };
		OBJ_166 /* Package.swift in Sources */ = {isa = PBXBuildFile; fileRef = OBJ_72 /* Package.swift */; };
		OBJ_171 /* BaseTestCase.swift in Sources */ = {isa = PBXBuildFile; fileRef = OBJ_21 /* BaseTestCase.swift */; };
		OBJ_172 /* LinuxTestable.swift in Sources */ = {isa = PBXBuildFile; fileRef = OBJ_22 /* LinuxTestable.swift */; };
		OBJ_173 /* XCAssertions.swift in Sources */ = {isa = PBXBuildFile; fileRef = OBJ_23 /* XCAssertions.swift */; };
		OBJ_180 /* Package.swift in Sources */ = {isa = PBXBuildFile; fileRef = OBJ_20 /* Package.swift */; };
		OBJ_83 /* DefaultValue.swift in Sources */ = {isa = PBXBuildFile; fileRef = OBJ_27 /* DefaultValue.swift */; };
		OBJ_84 /* Factory.swift in Sources */ = {isa = PBXBuildFile; fileRef = OBJ_28 /* Factory.swift */; };
		OBJ_85 /* ClassHeader.swift in Sources */ = {isa = PBXBuildFile; fileRef = OBJ_30 /* ClassHeader.swift */; };
		OBJ_86 /* ClassMetadataLayout.swift in Sources */ = {isa = PBXBuildFile; fileRef = OBJ_31 /* ClassMetadataLayout.swift */; };
		OBJ_87 /* ClassTypeDescriptor.swift in Sources */ = {isa = PBXBuildFile; fileRef = OBJ_32 /* ClassTypeDescriptor.swift */; };
		OBJ_88 /* EnumMetadataLayout.swift in Sources */ = {isa = PBXBuildFile; fileRef = OBJ_33 /* EnumMetadataLayout.swift */; };
		OBJ_89 /* ExistentialContainter.swift in Sources */ = {isa = PBXBuildFile; fileRef = OBJ_34 /* ExistentialContainter.swift */; };
		OBJ_90 /* FunctionMetadataLayout.swift in Sources */ = {isa = PBXBuildFile; fileRef = OBJ_35 /* FunctionMetadataLayout.swift */; };
		OBJ_91 /* MetadataLayoutType.swift in Sources */ = {isa = PBXBuildFile; fileRef = OBJ_36 /* MetadataLayoutType.swift */; };
		OBJ_92 /* ProtocolDescriptor.swift in Sources */ = {isa = PBXBuildFile; fileRef = OBJ_37 /* ProtocolDescriptor.swift */; };
		OBJ_93 /* ProtocolMetadataLayout.swift in Sources */ = {isa = PBXBuildFile; fileRef = OBJ_38 /* ProtocolMetadataLayout.swift */; };
		OBJ_94 /* ProtocolTypeContainer.swift in Sources */ = {isa = PBXBuildFile; fileRef = OBJ_39 /* ProtocolTypeContainer.swift */; };
		OBJ_95 /* StructMetadataLayout.swift in Sources */ = {isa = PBXBuildFile; fileRef = OBJ_40 /* StructMetadataLayout.swift */; };
		OBJ_96 /* StructTypeDescriptor.swift in Sources */ = {isa = PBXBuildFile; fileRef = OBJ_41 /* StructTypeDescriptor.swift */; };
		OBJ_97 /* TupleMetadataLayout.swift in Sources */ = {isa = PBXBuildFile; fileRef = OBJ_42 /* TupleMetadataLayout.swift */; };
		OBJ_98 /* ValueWitnessTable.swift in Sources */ = {isa = PBXBuildFile; fileRef = OBJ_43 /* ValueWitnessTable.swift */; };
		OBJ_99 /* ClassMetadata.swift in Sources */ = {isa = PBXBuildFile; fileRef = OBJ_45 /* ClassMetadata.swift */; };
/* End PBXBuildFile section */

/* Begin PBXContainerItemProxy section */
		E4FC1AB5216DB69D00226A32 /* PBXContainerItemProxy */ = {
			isa = PBXContainerItemProxy;
			containerPortal = OBJ_1 /* Project object */;
			proxyType = 1;
			remoteGlobalIDString = "Runtime::Runtime";
			remoteInfo = Runtime;
		};
		E4FC1AB6216DB69D00226A32 /* PBXContainerItemProxy */ = {
			isa = PBXContainerItemProxy;
			containerPortal = OBJ_1 /* Project object */;
			proxyType = 1;
			remoteGlobalIDString = "SwiftTestUtils::SwiftTestUtils";
			remoteInfo = SwiftTestUtils;
		};
		E4FC1AB7216DB69D00226A32 /* PBXContainerItemProxy */ = {
			isa = PBXContainerItemProxy;
			containerPortal = OBJ_1 /* Project object */;
			proxyType = 1;
			remoteGlobalIDString = "RuntimeExtensions::RuntimeExtensions";
			remoteInfo = RuntimeExtensions;
		};
		E4FC1AB8216DB69D00226A32 /* PBXContainerItemProxy */ = {
			isa = PBXContainerItemProxy;
			containerPortal = OBJ_1 /* Project object */;
			proxyType = 1;
			remoteGlobalIDString = "Runtime::Runtime";
			remoteInfo = Runtime;
		};
		E4FC1AB9216DB69E00226A32 /* PBXContainerItemProxy */ = {
			isa = PBXContainerItemProxy;
			containerPortal = OBJ_1 /* Project object */;
			proxyType = 1;
			remoteGlobalIDString = "RuntimeExtensions::RuntimeExtensionsTests";
			remoteInfo = RuntimeExtensionsTests;
		};
/* End PBXContainerItemProxy section */

/* Begin PBXFileReference section */
		OBJ_10 /* GlobalRuntimeFunctions.swift */ = {isa = PBXFileReference; lastKnownFileType = sourcecode.swift; path = GlobalRuntimeFunctions.swift; sourceTree = "<group>"; };
		OBJ_11 /* KVC.swift */ = {isa = PBXFileReference; lastKnownFileType = sourcecode.swift; path = KVC.swift; sourceTree = "<group>"; };
		OBJ_13 /* RuntimeExtensionsTests.swift */ = {isa = PBXFileReference; lastKnownFileType = sourcecode.swift; path = RuntimeExtensionsTests.swift; sourceTree = "<group>"; };
		OBJ_14 /* bin */ = {isa = PBXFileReference; lastKnownFileType = folder; path = bin; sourceTree = SOURCE_ROOT; };
		OBJ_15 /* RuntimeExtensionsTests */ = {isa = PBXFileReference; lastKnownFileType = folder; path = RuntimeExtensionsTests; sourceTree = SOURCE_ROOT; };
		OBJ_16 /* Example */ = {isa = PBXFileReference; lastKnownFileType = folder; path = Example; sourceTree = SOURCE_ROOT; };
		OBJ_17 /* Info */ = {isa = PBXFileReference; lastKnownFileType = folder; path = Info; sourceTree = SOURCE_ROOT; };
		OBJ_20 /* Package.swift */ = {isa = PBXFileReference; explicitFileType = sourcecode.swift; name = Package.swift; path = "/Users/brianstrobach/Appsaurus/Company/Projects/Open Source/Swift/RuntimeExtensions/.build/checkouts/SwiftTestUtils-591132268483250676/Package.swift"; sourceTree = "<group>"; };
		OBJ_21 /* BaseTestCase.swift */ = {isa = PBXFileReference; lastKnownFileType = sourcecode.swift; path = BaseTestCase.swift; sourceTree = "<group>"; };
		OBJ_22 /* LinuxTestable.swift */ = {isa = PBXFileReference; lastKnownFileType = sourcecode.swift; path = LinuxTestable.swift; sourceTree = "<group>"; };
		OBJ_23 /* XCAssertions.swift */ = {isa = PBXFileReference; lastKnownFileType = sourcecode.swift; path = XCAssertions.swift; sourceTree = "<group>"; };
		OBJ_27 /* DefaultValue.swift */ = {isa = PBXFileReference; lastKnownFileType = sourcecode.swift; path = DefaultValue.swift; sourceTree = "<group>"; };
		OBJ_28 /* Factory.swift */ = {isa = PBXFileReference; lastKnownFileType = sourcecode.swift; path = Factory.swift; sourceTree = "<group>"; };
		OBJ_30 /* ClassHeader.swift */ = {isa = PBXFileReference; lastKnownFileType = sourcecode.swift; path = ClassHeader.swift; sourceTree = "<group>"; };
		OBJ_31 /* ClassMetadataLayout.swift */ = {isa = PBXFileReference; lastKnownFileType = sourcecode.swift; path = ClassMetadataLayout.swift; sourceTree = "<group>"; };
		OBJ_32 /* ClassTypeDescriptor.swift */ = {isa = PBXFileReference; lastKnownFileType = sourcecode.swift; path = ClassTypeDescriptor.swift; sourceTree = "<group>"; };
		OBJ_33 /* EnumMetadataLayout.swift */ = {isa = PBXFileReference; lastKnownFileType = sourcecode.swift; path = EnumMetadataLayout.swift; sourceTree = "<group>"; };
		OBJ_34 /* ExistentialContainter.swift */ = {isa = PBXFileReference; lastKnownFileType = sourcecode.swift; path = ExistentialContainter.swift; sourceTree = "<group>"; };
		OBJ_35 /* FunctionMetadataLayout.swift */ = {isa = PBXFileReference; lastKnownFileType = sourcecode.swift; path = FunctionMetadataLayout.swift; sourceTree = "<group>"; };
		OBJ_36 /* MetadataLayoutType.swift */ = {isa = PBXFileReference; lastKnownFileType = sourcecode.swift; path = MetadataLayoutType.swift; sourceTree = "<group>"; };
		OBJ_37 /* ProtocolDescriptor.swift */ = {isa = PBXFileReference; lastKnownFileType = sourcecode.swift; path = ProtocolDescriptor.swift; sourceTree = "<group>"; };
		OBJ_38 /* ProtocolMetadataLayout.swift */ = {isa = PBXFileReference; lastKnownFileType = sourcecode.swift; path = ProtocolMetadataLayout.swift; sourceTree = "<group>"; };
		OBJ_39 /* ProtocolTypeContainer.swift */ = {isa = PBXFileReference; lastKnownFileType = sourcecode.swift; path = ProtocolTypeContainer.swift; sourceTree = "<group>"; };
		OBJ_40 /* StructMetadataLayout.swift */ = {isa = PBXFileReference; lastKnownFileType = sourcecode.swift; path = StructMetadataLayout.swift; sourceTree = "<group>"; };
		OBJ_41 /* StructTypeDescriptor.swift */ = {isa = PBXFileReference; lastKnownFileType = sourcecode.swift; path = StructTypeDescriptor.swift; sourceTree = "<group>"; };
		OBJ_42 /* TupleMetadataLayout.swift */ = {isa = PBXFileReference; lastKnownFileType = sourcecode.swift; path = TupleMetadataLayout.swift; sourceTree = "<group>"; };
		OBJ_43 /* ValueWitnessTable.swift */ = {isa = PBXFileReference; lastKnownFileType = sourcecode.swift; path = ValueWitnessTable.swift; sourceTree = "<group>"; };
		OBJ_45 /* ClassMetadata.swift */ = {isa = PBXFileReference; lastKnownFileType = sourcecode.swift; path = ClassMetadata.swift; sourceTree = "<group>"; };
		OBJ_46 /* EnumMetadata.swift */ = {isa = PBXFileReference; lastKnownFileType = sourcecode.swift; path = EnumMetadata.swift; sourceTree = "<group>"; };
		OBJ_47 /* FuntionMetadata.swift */ = {isa = PBXFileReference; lastKnownFileType = sourcecode.swift; path = FuntionMetadata.swift; sourceTree = "<group>"; };
		OBJ_48 /* Metadata.swift */ = {isa = PBXFileReference; lastKnownFileType = sourcecode.swift; path = Metadata.swift; sourceTree = "<group>"; };
		OBJ_49 /* MetadataType.swift */ = {isa = PBXFileReference; lastKnownFileType = sourcecode.swift; path = MetadataType.swift; sourceTree = "<group>"; };
		OBJ_50 /* ProtocolMetadata.swift */ = {isa = PBXFileReference; lastKnownFileType = sourcecode.swift; path = ProtocolMetadata.swift; sourceTree = "<group>"; };
		OBJ_51 /* StructMetadata.swift */ = {isa = PBXFileReference; lastKnownFileType = sourcecode.swift; path = StructMetadata.swift; sourceTree = "<group>"; };
		OBJ_52 /* TupleMetadata.swift */ = {isa = PBXFileReference; lastKnownFileType = sourcecode.swift; path = TupleMetadata.swift; sourceTree = "<group>"; };
		OBJ_54 /* Errors.swift */ = {isa = PBXFileReference; lastKnownFileType = sourcecode.swift; path = Errors.swift; sourceTree = "<group>"; };
		OBJ_55 /* FunctionInfo.swift */ = {isa = PBXFileReference; lastKnownFileType = sourcecode.swift; path = FunctionInfo.swift; sourceTree = "<group>"; };
		OBJ_56 /* Kind.swift */ = {isa = PBXFileReference; lastKnownFileType = sourcecode.swift; path = Kind.swift; sourceTree = "<group>"; };
		OBJ_57 /* PropertyInfo.swift */ = {isa = PBXFileReference; lastKnownFileType = sourcecode.swift; path = PropertyInfo.swift; sourceTree = "<group>"; };
		OBJ_58 /* TypeInfo.swift */ = {isa = PBXFileReference; lastKnownFileType = sourcecode.swift; path = TypeInfo.swift; sourceTree = "<group>"; };
		OBJ_59 /* TypeInfoConvertible.swift */ = {isa = PBXFileReference; lastKnownFileType = sourcecode.swift; path = TypeInfoConvertible.swift; sourceTree = "<group>"; };
		OBJ_6 /* Package.swift */ = {isa = PBXFileReference; explicitFileType = sourcecode.swift; path = Package.swift; sourceTree = "<group>"; };
		OBJ_61 /* Pointers.swift */ = {isa = PBXFileReference; lastKnownFileType = sourcecode.swift; path = Pointers.swift; sourceTree = "<group>"; };
		OBJ_62 /* RelativePointer.swift */ = {isa = PBXFileReference; lastKnownFileType = sourcecode.swift; path = RelativePointer.swift; sourceTree = "<group>"; };
		OBJ_63 /* RelativeVectorPointer.swift */ = {isa = PBXFileReference; lastKnownFileType = sourcecode.swift; path = RelativeVectorPointer.swift; sourceTree = "<group>"; };
		OBJ_64 /* Vector.swift */ = {isa = PBXFileReference; lastKnownFileType = sourcecode.swift; path = Vector.swift; sourceTree = "<group>"; };
		OBJ_66 /* GetFieldAt.swift */ = {isa = PBXFileReference; lastKnownFileType = sourcecode.swift; path = GetFieldAt.swift; sourceTree = "<group>"; };
		OBJ_67 /* GettersSetters.swift */ = {isa = PBXFileReference; lastKnownFileType = sourcecode.swift; path = GettersSetters.swift; sourceTree = "<group>"; };
		OBJ_68 /* IntegerConvertible.swift */ = {isa = PBXFileReference; lastKnownFileType = sourcecode.swift; path = IntegerConvertible.swift; sourceTree = "<group>"; };
		OBJ_69 /* Pointer+Extensions.swift */ = {isa = PBXFileReference; lastKnownFileType = sourcecode.swift; path = "Pointer+Extensions.swift"; sourceTree = "<group>"; };
		OBJ_70 /* RetainCounts.swift */ = {isa = PBXFileReference; lastKnownFileType = sourcecode.swift; path = RetainCounts.swift; sourceTree = "<group>"; };
		OBJ_71 /* String+Extensions.swift */ = {isa = PBXFileReference; lastKnownFileType = sourcecode.swift; path = "String+Extensions.swift"; sourceTree = "<group>"; };
		OBJ_72 /* Package.swift */ = {isa = PBXFileReference; explicitFileType = sourcecode.swift; name = Package.swift; path = "/Users/brianstrobach/Appsaurus/Company/Projects/Open Source/Swift/RuntimeExtensions/.build/checkouts/Runtime-5926758879802469421/Package.swift"; sourceTree = "<group>"; };
		OBJ_8 /* EmptyInitializable.swift */ = {isa = PBXFileReference; lastKnownFileType = sourcecode.swift; path = EmptyInitializable.swift; sourceTree = "<group>"; };
		OBJ_9 /* EnumUtils.swift */ = {isa = PBXFileReference; lastKnownFileType = sourcecode.swift; path = EnumUtils.swift; sourceTree = "<group>"; };
		"Runtime::Runtime::Product" /* Runtime.framework */ = {isa = PBXFileReference; lastKnownFileType = wrapper.framework; path = Runtime.framework; sourceTree = BUILT_PRODUCTS_DIR; };
		"RuntimeExtensions::RuntimeExtensions::Product" /* RuntimeExtensions.framework */ = {isa = PBXFileReference; lastKnownFileType = wrapper.framework; path = RuntimeExtensions.framework; sourceTree = BUILT_PRODUCTS_DIR; };
		"RuntimeExtensions::RuntimeExtensionsTests::Product" /* RuntimeExtensionsTests.xctest */ = {isa = PBXFileReference; lastKnownFileType = file; path = RuntimeExtensionsTests.xctest; sourceTree = BUILT_PRODUCTS_DIR; };
		"SwiftTestUtils::SwiftTestUtils::Product" /* SwiftTestUtils.framework */ = {isa = PBXFileReference; explicitFileType = wrapper.framework; path = SwiftTestUtils.framework; sourceTree = BUILT_PRODUCTS_DIR; };
/* End PBXFileReference section */

/* Begin PBXFrameworksBuildPhase section */
		OBJ_123 /* Frameworks */ = {
			isa = PBXFrameworksBuildPhase;
			buildActionMask = 0;
			files = (
			);
			runOnlyForDeploymentPostprocessing = 0;
		};
		OBJ_133 /* Frameworks */ = {
			isa = PBXFrameworksBuildPhase;
			buildActionMask = 0;
			files = (
				OBJ_134 /* Runtime.framework in Frameworks */,
			);
			runOnlyForDeploymentPostprocessing = 0;
		};
		OBJ_153 /* Frameworks */ = {
			isa = PBXFrameworksBuildPhase;
			buildActionMask = 0;
			files = (
				OBJ_154 /* SwiftTestUtils.framework in Frameworks */,
				OBJ_155 /* RuntimeExtensions.framework in Frameworks */,
				OBJ_156 /* Runtime.framework in Frameworks */,
			);
			runOnlyForDeploymentPostprocessing = 0;
		};
		OBJ_174 /* Frameworks */ = {
			isa = PBXFrameworksBuildPhase;
			buildActionMask = 0;
			files = (
			);
			runOnlyForDeploymentPostprocessing = 0;
		};
/* End PBXFrameworksBuildPhase section */

/* Begin PBXGroup section */
		OBJ_12 /* Tests */ = {
			isa = PBXGroup;
			children = (
				OBJ_13 /* RuntimeExtensionsTests.swift */,
			);
			name = Tests;
			path = RuntimeExtensionsTests/Shared;
			sourceTree = SOURCE_ROOT;
		};
		OBJ_18 /* Dependencies */ = {
			isa = PBXGroup;
			children = (
				OBJ_19 /* SwiftTestUtils 1.0.1 */,
				OBJ_24 /* Runtime */,
			);
			name = Dependencies;
			sourceTree = "<group>";
		};
		OBJ_19 /* SwiftTestUtils 1.0.1 */ = {
			isa = PBXGroup;
			children = (
				OBJ_20 /* Package.swift */,
				OBJ_21 /* BaseTestCase.swift */,
				OBJ_22 /* LinuxTestable.swift */,
				OBJ_23 /* XCAssertions.swift */,
			);
			name = "SwiftTestUtils 1.0.1";
			path = ".build/checkouts/SwiftTestUtils-591132268483250676/Sources/Shared";
			sourceTree = SOURCE_ROOT;
		};
		OBJ_24 /* Runtime */ = {
			isa = PBXGroup;
			children = (
				OBJ_25 /* Runtime */,
				OBJ_72 /* Package.swift */,
			);
			name = Runtime;
			sourceTree = SOURCE_ROOT;
		};
		OBJ_25 /* Runtime */ = {
			isa = PBXGroup;
			children = (
				OBJ_26 /* Factory */,
				OBJ_29 /* Layouts */,
				OBJ_44 /* Metadata */,
				OBJ_53 /* Models */,
				OBJ_60 /* Pointers */,
				OBJ_65 /* Utilities */,
			);
			name = Runtime;
			path = ".build/checkouts/Runtime-5926758879802469421/Runtime";
			sourceTree = SOURCE_ROOT;
		};
		OBJ_26 /* Factory */ = {
			isa = PBXGroup;
			children = (
				OBJ_27 /* DefaultValue.swift */,
				OBJ_28 /* Factory.swift */,
			);
			path = Factory;
			sourceTree = "<group>";
		};
		OBJ_29 /* Layouts */ = {
			isa = PBXGroup;
			children = (
				OBJ_30 /* ClassHeader.swift */,
				OBJ_31 /* ClassMetadataLayout.swift */,
				OBJ_32 /* ClassTypeDescriptor.swift */,
				OBJ_33 /* EnumMetadataLayout.swift */,
				OBJ_34 /* ExistentialContainter.swift */,
				OBJ_35 /* FunctionMetadataLayout.swift */,
				OBJ_36 /* MetadataLayoutType.swift */,
				OBJ_37 /* ProtocolDescriptor.swift */,
				OBJ_38 /* ProtocolMetadataLayout.swift */,
				OBJ_39 /* ProtocolTypeContainer.swift */,
				OBJ_40 /* StructMetadataLayout.swift */,
				OBJ_41 /* StructTypeDescriptor.swift */,
				OBJ_42 /* TupleMetadataLayout.swift */,
				OBJ_43 /* ValueWitnessTable.swift */,
			);
			path = Layouts;
			sourceTree = "<group>";
		};
		OBJ_44 /* Metadata */ = {
			isa = PBXGroup;
			children = (
				OBJ_45 /* ClassMetadata.swift */,
				OBJ_46 /* EnumMetadata.swift */,
				OBJ_47 /* FuntionMetadata.swift */,
				OBJ_48 /* Metadata.swift */,
				OBJ_49 /* MetadataType.swift */,
				OBJ_50 /* ProtocolMetadata.swift */,
				OBJ_51 /* StructMetadata.swift */,
				OBJ_52 /* TupleMetadata.swift */,
			);
			path = Metadata;
			sourceTree = "<group>";
		};
		OBJ_5 /*  */ = {
			isa = PBXGroup;
			children = (
				OBJ_6 /* Package.swift */,
				OBJ_7 /* Sources */,
				OBJ_12 /* Tests */,
				OBJ_14 /* bin */,
				OBJ_15 /* RuntimeExtensionsTests */,
				OBJ_16 /* Example */,
				OBJ_17 /* Info */,
				OBJ_18 /* Dependencies */,
				OBJ_73 /* Products */,
			);
			name = "";
			sourceTree = "<group>";
		};
		OBJ_53 /* Models */ = {
			isa = PBXGroup;
			children = (
				OBJ_54 /* Errors.swift */,
				OBJ_55 /* FunctionInfo.swift */,
				OBJ_56 /* Kind.swift */,
				OBJ_57 /* PropertyInfo.swift */,
				OBJ_58 /* TypeInfo.swift */,
				OBJ_59 /* TypeInfoConvertible.swift */,
			);
			path = Models;
			sourceTree = "<group>";
		};
		OBJ_60 /* Pointers */ = {
			isa = PBXGroup;
			children = (
				OBJ_61 /* Pointers.swift */,
				OBJ_62 /* RelativePointer.swift */,
				OBJ_63 /* RelativeVectorPointer.swift */,
				OBJ_64 /* Vector.swift */,
			);
			path = Pointers;
			sourceTree = "<group>";
		};
		OBJ_65 /* Utilities */ = {
			isa = PBXGroup;
			children = (
				OBJ_66 /* GetFieldAt.swift */,
				OBJ_67 /* GettersSetters.swift */,
				OBJ_68 /* IntegerConvertible.swift */,
				OBJ_69 /* Pointer+Extensions.swift */,
				OBJ_70 /* RetainCounts.swift */,
				OBJ_71 /* String+Extensions.swift */,
			);
			path = Utilities;
			sourceTree = "<group>";
		};
		OBJ_7 /* Sources */ = {
			isa = PBXGroup;
			children = (
				OBJ_8 /* EmptyInitializable.swift */,
				OBJ_9 /* EnumUtils.swift */,
				OBJ_10 /* GlobalRuntimeFunctions.swift */,
				OBJ_11 /* KVC.swift */,
			);
			name = Sources;
			path = Sources/Shared;
			sourceTree = SOURCE_ROOT;
		};
		OBJ_73 /* Products */ = {
			isa = PBXGroup;
			children = (
				"RuntimeExtensions::RuntimeExtensionsTests::Product" /* RuntimeExtensionsTests.xctest */,
				"SwiftTestUtils::SwiftTestUtils::Product" /* SwiftTestUtils.framework */,
				"RuntimeExtensions::RuntimeExtensions::Product" /* RuntimeExtensions.framework */,
				"Runtime::Runtime::Product" /* Runtime.framework */,
			);
			name = Products;
			sourceTree = BUILT_PRODUCTS_DIR;
		};
/* End PBXGroup section */

/* Begin PBXNativeTarget section */
		"Runtime::Runtime" /* Runtime */ = {
			isa = PBXNativeTarget;
			buildConfigurationList = OBJ_79 /* Build configuration list for PBXNativeTarget "Runtime" */;
			buildPhases = (
				OBJ_82 /* Sources */,
				OBJ_123 /* Frameworks */,
			);
			buildRules = (
			);
			dependencies = (
			);
			name = Runtime;
			productName = Runtime;
			productReference = "Runtime::Runtime::Product" /* Runtime.framework */;
			productType = "com.apple.product-type.framework";
		};
		"Runtime::SwiftPMPackageDescription" /* RuntimePackageDescription */ = {
			isa = PBXNativeTarget;
			buildConfigurationList = OBJ_162 /* Build configuration list for PBXNativeTarget "RuntimePackageDescription" */;
			buildPhases = (
				OBJ_165 /* Sources */,
			);
			buildRules = (
			);
			dependencies = (
			);
			name = RuntimePackageDescription;
			productName = RuntimePackageDescription;
			productType = "com.apple.product-type.framework";
		};
		"RuntimeExtensions::RuntimeExtensions" /* RuntimeExtensions */ = {
			isa = PBXNativeTarget;
			buildConfigurationList = OBJ_125 /* Build configuration list for PBXNativeTarget "RuntimeExtensions" */;
			buildPhases = (
				OBJ_128 /* Sources */,
				OBJ_133 /* Frameworks */,
			);
			buildRules = (
			);
			dependencies = (
				OBJ_135 /* PBXTargetDependency */,
			);
			name = RuntimeExtensions;
			productName = RuntimeExtensions;
			productReference = "RuntimeExtensions::RuntimeExtensions::Product" /* RuntimeExtensions.framework */;
			productType = "com.apple.product-type.framework";
		};
		"RuntimeExtensions::RuntimeExtensionsTests" /* RuntimeExtensionsTests */ = {
			isa = PBXNativeTarget;
			buildConfigurationList = OBJ_148 /* Build configuration list for PBXNativeTarget "RuntimeExtensionsTests" */;
			buildPhases = (
				OBJ_151 /* Sources */,
				OBJ_153 /* Frameworks */,
			);
			buildRules = (
			);
			dependencies = (
				OBJ_157 /* PBXTargetDependency */,
				OBJ_159 /* PBXTargetDependency */,
				OBJ_160 /* PBXTargetDependency */,
			);
			name = RuntimeExtensionsTests;
			productName = RuntimeExtensionsTests;
			productReference = "RuntimeExtensions::RuntimeExtensionsTests::Product" /* RuntimeExtensionsTests.xctest */;
			productType = "com.apple.product-type.bundle.unit-test";
		};
		"RuntimeExtensions::SwiftPMPackageDescription" /* RuntimeExtensionsPackageDescription */ = {
			isa = PBXNativeTarget;
			buildConfigurationList = OBJ_137 /* Build configuration list for PBXNativeTarget "RuntimeExtensionsPackageDescription" */;
			buildPhases = (
				OBJ_140 /* Sources */,
			);
			buildRules = (
			);
			dependencies = (
			);
			name = RuntimeExtensionsPackageDescription;
			productName = RuntimeExtensionsPackageDescription;
			productType = "com.apple.product-type.framework";
		};
		"SwiftTestUtils::SwiftPMPackageDescription" /* SwiftTestUtilsPackageDescription */ = {
			isa = PBXNativeTarget;
			buildConfigurationList = OBJ_176 /* Build configuration list for PBXNativeTarget "SwiftTestUtilsPackageDescription" */;
			buildPhases = (
				OBJ_179 /* Sources */,
			);
			buildRules = (
			);
			dependencies = (
			);
			name = SwiftTestUtilsPackageDescription;
			productName = SwiftTestUtilsPackageDescription;
			productType = "com.apple.product-type.framework";
		};
		"SwiftTestUtils::SwiftTestUtils" /* SwiftTestUtils */ = {
			isa = PBXNativeTarget;
			buildConfigurationList = OBJ_167 /* Build configuration list for PBXNativeTarget "SwiftTestUtils" */;
			buildPhases = (
				OBJ_170 /* Sources */,
				OBJ_174 /* Frameworks */,
			);
			buildRules = (
			);
			dependencies = (
			);
			name = SwiftTestUtils;
			productName = SwiftTestUtils;
			productReference = "SwiftTestUtils::SwiftTestUtils::Product" /* SwiftTestUtils.framework */;
			productType = "com.apple.product-type.framework";
		};
/* End PBXNativeTarget section */

/* Begin PBXProject section */
		OBJ_1 /* Project object */ = {
			isa = PBXProject;
			attributes = {
				LastUpgradeCheck = 9999;
			};
			buildConfigurationList = OBJ_2 /* Build configuration list for PBXProject "RuntimeExtensions" */;
			compatibilityVersion = "Xcode 3.2";
			developmentRegion = English;
			hasScannedForEncodings = 0;
			knownRegions = (
				en,
			);
			mainGroup = OBJ_5 /*  */;
			productRefGroup = OBJ_73 /* Products */;
			projectDirPath = "";
			projectRoot = "";
			targets = (
				"Runtime::Runtime" /* Runtime */,
				"RuntimeExtensions::RuntimeExtensions" /* RuntimeExtensions */,
				"RuntimeExtensions::SwiftPMPackageDescription" /* RuntimeExtensionsPackageDescription */,
				"RuntimeExtensions::RuntimeExtensionsPackageTests::ProductTarget" /* RuntimeExtensionsPackageTests */,
				"RuntimeExtensions::RuntimeExtensionsTests" /* RuntimeExtensionsTests */,
				"Runtime::SwiftPMPackageDescription" /* RuntimePackageDescription */,
				"SwiftTestUtils::SwiftTestUtils" /* SwiftTestUtils */,
				"SwiftTestUtils::SwiftPMPackageDescription" /* SwiftTestUtilsPackageDescription */,
			);
		};
/* End PBXProject section */

/* Begin PBXSourcesBuildPhase section */
		OBJ_128 /* Sources */ = {
			isa = PBXSourcesBuildPhase;
			buildActionMask = 0;
			files = (
				OBJ_129 /* EmptyInitializable.swift in Sources */,
				OBJ_130 /* EnumUtils.swift in Sources */,
				OBJ_131 /* GlobalRuntimeFunctions.swift in Sources */,
				OBJ_132 /* KVC.swift in Sources */,
			);
			runOnlyForDeploymentPostprocessing = 0;
		};
		OBJ_140 /* Sources */ = {
			isa = PBXSourcesBuildPhase;
			buildActionMask = 0;
			files = (
				OBJ_141 /* Package.swift in Sources */,
			);
			runOnlyForDeploymentPostprocessing = 0;
		};
		OBJ_151 /* Sources */ = {
			isa = PBXSourcesBuildPhase;
			buildActionMask = 0;
			files = (
				OBJ_152 /* RuntimeExtensionsTests.swift in Sources */,
			);
			runOnlyForDeploymentPostprocessing = 0;
		};
		OBJ_165 /* Sources */ = {
			isa = PBXSourcesBuildPhase;
			buildActionMask = 0;
			files = (
				OBJ_166 /* Package.swift in Sources */,
			);
			runOnlyForDeploymentPostprocessing = 0;
		};
		OBJ_170 /* Sources */ = {
			isa = PBXSourcesBuildPhase;
			buildActionMask = 0;
			files = (
				OBJ_171 /* BaseTestCase.swift in Sources */,
				OBJ_172 /* LinuxTestable.swift in Sources */,
				OBJ_173 /* XCAssertions.swift in Sources */,
			);
			runOnlyForDeploymentPostprocessing = 0;
		};
		OBJ_179 /* Sources */ = {
			isa = PBXSourcesBuildPhase;
			buildActionMask = 0;
			files = (
				OBJ_180 /* Package.swift in Sources */,
			);
			runOnlyForDeploymentPostprocessing = 0;
		};
		OBJ_82 /* Sources */ = {
			isa = PBXSourcesBuildPhase;
			buildActionMask = 0;
			files = (
				OBJ_83 /* DefaultValue.swift in Sources */,
				OBJ_84 /* Factory.swift in Sources */,
				OBJ_85 /* ClassHeader.swift in Sources */,
				OBJ_86 /* ClassMetadataLayout.swift in Sources */,
				OBJ_87 /* ClassTypeDescriptor.swift in Sources */,
				OBJ_88 /* EnumMetadataLayout.swift in Sources */,
				OBJ_89 /* ExistentialContainter.swift in Sources */,
				OBJ_90 /* FunctionMetadataLayout.swift in Sources */,
				OBJ_91 /* MetadataLayoutType.swift in Sources */,
				OBJ_92 /* ProtocolDescriptor.swift in Sources */,
				OBJ_93 /* ProtocolMetadataLayout.swift in Sources */,
				OBJ_94 /* ProtocolTypeContainer.swift in Sources */,
				OBJ_95 /* StructMetadataLayout.swift in Sources */,
				OBJ_96 /* StructTypeDescriptor.swift in Sources */,
				OBJ_97 /* TupleMetadataLayout.swift in Sources */,
				OBJ_98 /* ValueWitnessTable.swift in Sources */,
				OBJ_99 /* ClassMetadata.swift in Sources */,
				OBJ_100 /* EnumMetadata.swift in Sources */,
				OBJ_101 /* FuntionMetadata.swift in Sources */,
				OBJ_102 /* Metadata.swift in Sources */,
				OBJ_103 /* MetadataType.swift in Sources */,
				OBJ_104 /* ProtocolMetadata.swift in Sources */,
				OBJ_105 /* StructMetadata.swift in Sources */,
				OBJ_106 /* TupleMetadata.swift in Sources */,
				OBJ_107 /* Errors.swift in Sources */,
				OBJ_108 /* FunctionInfo.swift in Sources */,
				OBJ_109 /* Kind.swift in Sources */,
				OBJ_110 /* PropertyInfo.swift in Sources */,
				OBJ_111 /* TypeInfo.swift in Sources */,
				OBJ_112 /* TypeInfoConvertible.swift in Sources */,
				OBJ_113 /* Pointers.swift in Sources */,
				OBJ_114 /* RelativePointer.swift in Sources */,
				OBJ_115 /* RelativeVectorPointer.swift in Sources */,
				OBJ_116 /* Vector.swift in Sources */,
				OBJ_117 /* GetFieldAt.swift in Sources */,
				OBJ_118 /* GettersSetters.swift in Sources */,
				OBJ_119 /* IntegerConvertible.swift in Sources */,
				OBJ_120 /* Pointer+Extensions.swift in Sources */,
				OBJ_121 /* RetainCounts.swift in Sources */,
				OBJ_122 /* String+Extensions.swift in Sources */,
			);
			runOnlyForDeploymentPostprocessing = 0;
		};
/* End PBXSourcesBuildPhase section */

/* Begin PBXTargetDependency section */
		OBJ_135 /* PBXTargetDependency */ = {
			isa = PBXTargetDependency;
			target = "Runtime::Runtime" /* Runtime */;
			targetProxy = E4FC1AB5216DB69D00226A32 /* PBXContainerItemProxy */;
		};
		OBJ_146 /* PBXTargetDependency */ = {
			isa = PBXTargetDependency;
			target = "RuntimeExtensions::RuntimeExtensionsTests" /* RuntimeExtensionsTests */;
			targetProxy = E4FC1AB9216DB69E00226A32 /* PBXContainerItemProxy */;
		};
		OBJ_157 /* PBXTargetDependency */ = {
			isa = PBXTargetDependency;
			target = "SwiftTestUtils::SwiftTestUtils" /* SwiftTestUtils */;
			targetProxy = E4FC1AB6216DB69D00226A32 /* PBXContainerItemProxy */;
		};
		OBJ_159 /* PBXTargetDependency */ = {
			isa = PBXTargetDependency;
			target = "RuntimeExtensions::RuntimeExtensions" /* RuntimeExtensions */;
			targetProxy = E4FC1AB7216DB69D00226A32 /* PBXContainerItemProxy */;
		};
		OBJ_160 /* PBXTargetDependency */ = {
			isa = PBXTargetDependency;
			target = "Runtime::Runtime" /* Runtime */;
			targetProxy = E4FC1AB8216DB69D00226A32 /* PBXContainerItemProxy */;
		};
/* End PBXTargetDependency section */

/* Begin XCBuildConfiguration section */
		OBJ_126 /* Debug */ = {
			isa = XCBuildConfiguration;
			buildSettings = {
				ENABLE_TESTABILITY = YES;
				FRAMEWORK_SEARCH_PATHS = (
					"$(inherited)",
					"$(PLATFORM_DIR)/Developer/Library/Frameworks",
				);
				HEADER_SEARCH_PATHS = "$(inherited)";
				INFOPLIST_FILE = RuntimeExtensions.xcodeproj/RuntimeExtensions_Info.plist;
				LD_RUNPATH_SEARCH_PATHS = "$(inherited) $(TOOLCHAIN_DIR)/usr/lib/swift/macosx";
				OTHER_CFLAGS = "$(inherited)";
				OTHER_LDFLAGS = "$(inherited)";
				OTHER_SWIFT_FLAGS = "$(inherited)";
				PRODUCT_BUNDLE_IDENTIFIER = RuntimeExtensions;
				PRODUCT_MODULE_NAME = "$(TARGET_NAME:c99extidentifier)";
				PRODUCT_NAME = "$(TARGET_NAME:c99extidentifier)";
				SKIP_INSTALL = YES;
				SWIFT_ACTIVE_COMPILATION_CONDITIONS = "$(inherited)";
				SWIFT_VERSION = 4.2;
				TARGET_NAME = RuntimeExtensions;
			};
			name = Debug;
		};
		OBJ_127 /* Release */ = {
			isa = XCBuildConfiguration;
			buildSettings = {
				ENABLE_TESTABILITY = YES;
				FRAMEWORK_SEARCH_PATHS = (
					"$(inherited)",
					"$(PLATFORM_DIR)/Developer/Library/Frameworks",
				);
				HEADER_SEARCH_PATHS = "$(inherited)";
				INFOPLIST_FILE = RuntimeExtensions.xcodeproj/RuntimeExtensions_Info.plist;
				LD_RUNPATH_SEARCH_PATHS = "$(inherited) $(TOOLCHAIN_DIR)/usr/lib/swift/macosx";
				OTHER_CFLAGS = "$(inherited)";
				OTHER_LDFLAGS = "$(inherited)";
				OTHER_SWIFT_FLAGS = "$(inherited)";
				PRODUCT_BUNDLE_IDENTIFIER = RuntimeExtensions;
				PRODUCT_MODULE_NAME = "$(TARGET_NAME:c99extidentifier)";
				PRODUCT_NAME = "$(TARGET_NAME:c99extidentifier)";
				SKIP_INSTALL = YES;
				SWIFT_ACTIVE_COMPILATION_CONDITIONS = "$(inherited)";
				SWIFT_VERSION = 4.2;
				TARGET_NAME = RuntimeExtensions;
			};
			name = Release;
		};
		OBJ_138 /* Debug */ = {
			isa = XCBuildConfiguration;
			buildSettings = {
				LD = /usr/bin/true;
				OTHER_SWIFT_FLAGS = "-swift-version 4.2 -I $(TOOLCHAIN_DIR)/usr/lib/swift/pm/4_2 -target x86_64-apple-macosx10.10 -sdk /Applications/Xcode.app/Contents/Developer/Platforms/MacOSX.platform/Developer/SDKs/MacOSX10.14.sdk";
				SWIFT_VERSION = 4.2;
			};
			name = Debug;
		};
		OBJ_139 /* Release */ = {
			isa = XCBuildConfiguration;
			buildSettings = {
				LD = /usr/bin/true;
				OTHER_SWIFT_FLAGS = "-swift-version 4.2 -I $(TOOLCHAIN_DIR)/usr/lib/swift/pm/4_2 -target x86_64-apple-macosx10.10 -sdk /Applications/Xcode.app/Contents/Developer/Platforms/MacOSX.platform/Developer/SDKs/MacOSX10.14.sdk";
				SWIFT_VERSION = 4.2;
			};
			name = Release;
		};
		OBJ_144 /* Debug */ = {
			isa = XCBuildConfiguration;
			buildSettings = {
			};
			name = Debug;
		};
		OBJ_145 /* Release */ = {
			isa = XCBuildConfiguration;
			buildSettings = {
			};
			name = Release;
		};
		OBJ_149 /* Debug */ = {
			isa = XCBuildConfiguration;
			buildSettings = {
				CLANG_ENABLE_MODULES = YES;
				EMBEDDED_CONTENT_CONTAINS_SWIFT = YES;
				FRAMEWORK_SEARCH_PATHS = (
					"$(inherited)",
					"$(PLATFORM_DIR)/Developer/Library/Frameworks",
				);
				HEADER_SEARCH_PATHS = "$(inherited)";
				INFOPLIST_FILE = RuntimeExtensions.xcodeproj/RuntimeExtensionsTests_Info.plist;
				LD_RUNPATH_SEARCH_PATHS = "$(inherited) @loader_path/../Frameworks @loader_path/Frameworks";
				OTHER_CFLAGS = "$(inherited)";
				OTHER_LDFLAGS = "$(inherited)";
				OTHER_SWIFT_FLAGS = "$(inherited)";
				SWIFT_ACTIVE_COMPILATION_CONDITIONS = "$(inherited)";
				SWIFT_VERSION = 4.2;
				TARGET_NAME = RuntimeExtensionsTests;
			};
			name = Debug;
		};
		OBJ_150 /* Release */ = {
			isa = XCBuildConfiguration;
			buildSettings = {
				CLANG_ENABLE_MODULES = YES;
				EMBEDDED_CONTENT_CONTAINS_SWIFT = YES;
				FRAMEWORK_SEARCH_PATHS = (
					"$(inherited)",
					"$(PLATFORM_DIR)/Developer/Library/Frameworks",
				);
				HEADER_SEARCH_PATHS = "$(inherited)";
				INFOPLIST_FILE = RuntimeExtensions.xcodeproj/RuntimeExtensionsTests_Info.plist;
				LD_RUNPATH_SEARCH_PATHS = "$(inherited) @loader_path/../Frameworks @loader_path/Frameworks";
				OTHER_CFLAGS = "$(inherited)";
				OTHER_LDFLAGS = "$(inherited)";
				OTHER_SWIFT_FLAGS = "$(inherited)";
				SWIFT_ACTIVE_COMPILATION_CONDITIONS = "$(inherited)";
				SWIFT_VERSION = 4.2;
				TARGET_NAME = RuntimeExtensionsTests;
			};
			name = Release;
		};
		OBJ_163 /* Debug */ = {
			isa = XCBuildConfiguration;
			buildSettings = {
				LD = /usr/bin/true;
				OTHER_SWIFT_FLAGS = "-swift-version 4 -I $(TOOLCHAIN_DIR)/usr/lib/swift/pm/4 -target x86_64-apple-macosx10.10 -sdk /Applications/Xcode.app/Contents/Developer/Platforms/MacOSX.platform/Developer/SDKs/MacOSX10.14.sdk";
				SWIFT_VERSION = 4.0;
			};
			name = Debug;
		};
		OBJ_164 /* Release */ = {
			isa = XCBuildConfiguration;
			buildSettings = {
				LD = /usr/bin/true;
				OTHER_SWIFT_FLAGS = "-swift-version 4 -I $(TOOLCHAIN_DIR)/usr/lib/swift/pm/4 -target x86_64-apple-macosx10.10 -sdk /Applications/Xcode.app/Contents/Developer/Platforms/MacOSX.platform/Developer/SDKs/MacOSX10.14.sdk";
				SWIFT_VERSION = 4.0;
			};
			name = Release;
		};
		OBJ_168 /* Debug */ = {
			isa = XCBuildConfiguration;
			buildSettings = {
				ENABLE_TESTABILITY = YES;
				FRAMEWORK_SEARCH_PATHS = (
					"$(inherited)",
					"$(PLATFORM_DIR)/Developer/Library/Frameworks",
				);
				HEADER_SEARCH_PATHS = "$(inherited)";
				INFOPLIST_FILE = RuntimeExtensions.xcodeproj/SwiftTestUtils_Info.plist;
				LD_RUNPATH_SEARCH_PATHS = "$(inherited) $(TOOLCHAIN_DIR)/usr/lib/swift/macosx";
				OTHER_CFLAGS = "$(inherited)";
				OTHER_LDFLAGS = "$(inherited)";
				OTHER_SWIFT_FLAGS = "$(inherited)";
				PRODUCT_BUNDLE_IDENTIFIER = SwiftTestUtils;
				PRODUCT_MODULE_NAME = "$(TARGET_NAME:c99extidentifier)";
				PRODUCT_NAME = "$(TARGET_NAME:c99extidentifier)";
				SKIP_INSTALL = YES;
				SWIFT_ACTIVE_COMPILATION_CONDITIONS = "$(inherited)";
				SWIFT_VERSION = 4.2;
				TARGET_NAME = SwiftTestUtils;
			};
			name = Debug;
		};
		OBJ_169 /* Release */ = {
			isa = XCBuildConfiguration;
			buildSettings = {
				ENABLE_TESTABILITY = YES;
				FRAMEWORK_SEARCH_PATHS = (
					"$(inherited)",
					"$(PLATFORM_DIR)/Developer/Library/Frameworks",
				);
				HEADER_SEARCH_PATHS = "$(inherited)";
				INFOPLIST_FILE = RuntimeExtensions.xcodeproj/SwiftTestUtils_Info.plist;
				LD_RUNPATH_SEARCH_PATHS = "$(inherited) $(TOOLCHAIN_DIR)/usr/lib/swift/macosx";
				OTHER_CFLAGS = "$(inherited)";
				OTHER_LDFLAGS = "$(inherited)";
				OTHER_SWIFT_FLAGS = "$(inherited)";
				PRODUCT_BUNDLE_IDENTIFIER = SwiftTestUtils;
				PRODUCT_MODULE_NAME = "$(TARGET_NAME:c99extidentifier)";
				PRODUCT_NAME = "$(TARGET_NAME:c99extidentifier)";
				SKIP_INSTALL = YES;
				SWIFT_ACTIVE_COMPILATION_CONDITIONS = "$(inherited)";
				SWIFT_VERSION = 4.2;
				TARGET_NAME = SwiftTestUtils;
			};
			name = Release;
		};
		OBJ_177 /* Debug */ = {
			isa = XCBuildConfiguration;
			buildSettings = {
				LD = /usr/bin/true;
				OTHER_SWIFT_FLAGS = "-swift-version 4 -I $(TOOLCHAIN_DIR)/usr/lib/swift/pm/4 -target x86_64-apple-macosx10.10 -sdk /Applications/Xcode.app/Contents/Developer/Platforms/MacOSX.platform/Developer/SDKs/MacOSX10.14.sdk";
				SWIFT_VERSION = 4.2;
			};
			name = Debug;
		};
		OBJ_178 /* Release */ = {
			isa = XCBuildConfiguration;
			buildSettings = {
				LD = /usr/bin/true;
				OTHER_SWIFT_FLAGS = "-swift-version 4 -I $(TOOLCHAIN_DIR)/usr/lib/swift/pm/4 -target x86_64-apple-macosx10.10 -sdk /Applications/Xcode.app/Contents/Developer/Platforms/MacOSX.platform/Developer/SDKs/MacOSX10.14.sdk";
				SWIFT_VERSION = 4.2;
			};
			name = Release;
		};
		OBJ_3 /* Debug */ = {
			isa = XCBuildConfiguration;
			buildSettings = {
				CLANG_ENABLE_OBJC_ARC = YES;
				COMBINE_HIDPI_IMAGES = YES;
				COPY_PHASE_STRIP = NO;
				DEBUG_INFORMATION_FORMAT = dwarf;
				DYLIB_INSTALL_NAME_BASE = "@rpath";
				ENABLE_NS_ASSERTIONS = YES;
				GCC_OPTIMIZATION_LEVEL = 0;
				GCC_PREPROCESSOR_DEFINITIONS = (
					"DEBUG=1",
					"$(inherited)",
				);
				MACOSX_DEPLOYMENT_TARGET = 10.10;
				ONLY_ACTIVE_ARCH = YES;
				OTHER_SWIFT_FLAGS = "-DXcode";
				PRODUCT_NAME = "$(TARGET_NAME)";
				SDKROOT = macosx;
				SUPPORTED_PLATFORMS = "macosx iphoneos iphonesimulator appletvos appletvsimulator watchos watchsimulator";
				SWIFT_ACTIVE_COMPILATION_CONDITIONS = "SWIFT_PACKAGE DEBUG";
				SWIFT_OPTIMIZATION_LEVEL = "-Onone";
				SWIFT_VERSION = 4.2;
				USE_HEADERMAP = NO;
			};
			name = Debug;
		};
		OBJ_4 /* Release */ = {
			isa = XCBuildConfiguration;
			buildSettings = {
				CLANG_ENABLE_OBJC_ARC = YES;
				COMBINE_HIDPI_IMAGES = YES;
				COPY_PHASE_STRIP = YES;
				DEBUG_INFORMATION_FORMAT = "dwarf-with-dsym";
				DYLIB_INSTALL_NAME_BASE = "@rpath";
				GCC_OPTIMIZATION_LEVEL = s;
				MACOSX_DEPLOYMENT_TARGET = 10.10;
				OTHER_SWIFT_FLAGS = "-DXcode";
				PRODUCT_NAME = "$(TARGET_NAME)";
				SDKROOT = macosx;
				SUPPORTED_PLATFORMS = "macosx iphoneos iphonesimulator appletvos appletvsimulator watchos watchsimulator";
				SWIFT_ACTIVE_COMPILATION_CONDITIONS = SWIFT_PACKAGE;
				SWIFT_OPTIMIZATION_LEVEL = "-Owholemodule";
				SWIFT_VERSION = 4.2;
				USE_HEADERMAP = NO;
			};
			name = Release;
		};
		OBJ_80 /* Debug */ = {
			isa = XCBuildConfiguration;
			buildSettings = {
				ENABLE_TESTABILITY = YES;
				FRAMEWORK_SEARCH_PATHS = (
					"$(inherited)",
					"$(PLATFORM_DIR)/Developer/Library/Frameworks",
				);
				HEADER_SEARCH_PATHS = "$(inherited)";
				INFOPLIST_FILE = RuntimeExtensions.xcodeproj/Runtime_Info.plist;
				LD_RUNPATH_SEARCH_PATHS = "$(inherited) $(TOOLCHAIN_DIR)/usr/lib/swift/macosx";
				OTHER_CFLAGS = "$(inherited)";
				OTHER_LDFLAGS = "$(inherited)";
				OTHER_SWIFT_FLAGS = "$(inherited)";
				PRODUCT_BUNDLE_IDENTIFIER = Runtime;
				PRODUCT_MODULE_NAME = "$(TARGET_NAME:c99extidentifier)";
				PRODUCT_NAME = "$(TARGET_NAME:c99extidentifier)";
				SKIP_INSTALL = YES;
				SWIFT_ACTIVE_COMPILATION_CONDITIONS = "$(inherited)";
				SWIFT_VERSION = 4.0;
				TARGET_NAME = Runtime;
			};
			name = Debug;
		};
		OBJ_81 /* Release */ = {
			isa = XCBuildConfiguration;
			buildSettings = {
				ENABLE_TESTABILITY = YES;
				FRAMEWORK_SEARCH_PATHS = (
					"$(inherited)",
					"$(PLATFORM_DIR)/Developer/Library/Frameworks",
				);
				HEADER_SEARCH_PATHS = "$(inherited)";
				INFOPLIST_FILE = RuntimeExtensions.xcodeproj/Runtime_Info.plist;
				LD_RUNPATH_SEARCH_PATHS = "$(inherited) $(TOOLCHAIN_DIR)/usr/lib/swift/macosx";
				OTHER_CFLAGS = "$(inherited)";
				OTHER_LDFLAGS = "$(inherited)";
				OTHER_SWIFT_FLAGS = "$(inherited)";
				PRODUCT_BUNDLE_IDENTIFIER = Runtime;
				PRODUCT_MODULE_NAME = "$(TARGET_NAME:c99extidentifier)";
				PRODUCT_NAME = "$(TARGET_NAME:c99extidentifier)";
				SKIP_INSTALL = YES;
				SWIFT_ACTIVE_COMPILATION_CONDITIONS = "$(inherited)";
				SWIFT_VERSION = 4.0;
				TARGET_NAME = Runtime;
			};
			name = Release;
		};
/* End XCBuildConfiguration section */

/* Begin XCConfigurationList section */
		OBJ_125 /* Build configuration list for PBXNativeTarget "RuntimeExtensions" */ = {
			isa = XCConfigurationList;
			buildConfigurations = (
				OBJ_126 /* Debug */,
				OBJ_127 /* Release */,
			);
			defaultConfigurationIsVisible = 0;
			defaultConfigurationName = Release;
		};
		OBJ_137 /* Build configuration list for PBXNativeTarget "RuntimeExtensionsPackageDescription" */ = {
			isa = XCConfigurationList;
			buildConfigurations = (
				OBJ_138 /* Debug */,
				OBJ_139 /* Release */,
			);
			defaultConfigurationIsVisible = 0;
			defaultConfigurationName = Release;
		};
		OBJ_143 /* Build configuration list for PBXAggregateTarget "RuntimeExtensionsPackageTests" */ = {
			isa = XCConfigurationList;
			buildConfigurations = (
				OBJ_144 /* Debug */,
				OBJ_145 /* Release */,
			);
			defaultConfigurationIsVisible = 0;
			defaultConfigurationName = Release;
		};
		OBJ_148 /* Build configuration list for PBXNativeTarget "RuntimeExtensionsTests" */ = {
			isa = XCConfigurationList;
			buildConfigurations = (
				OBJ_149 /* Debug */,
				OBJ_150 /* Release */,
			);
			defaultConfigurationIsVisible = 0;
			defaultConfigurationName = Release;
		};
		OBJ_162 /* Build configuration list for PBXNativeTarget "RuntimePackageDescription" */ = {
			isa = XCConfigurationList;
			buildConfigurations = (
				OBJ_163 /* Debug */,
				OBJ_164 /* Release */,
			);
			defaultConfigurationIsVisible = 0;
			defaultConfigurationName = Release;
		};
		OBJ_167 /* Build configuration list for PBXNativeTarget "SwiftTestUtils" */ = {
			isa = XCConfigurationList;
			buildConfigurations = (
				OBJ_168 /* Debug */,
				OBJ_169 /* Release */,
			);
			defaultConfigurationIsVisible = 0;
			defaultConfigurationName = Release;
		};
		OBJ_176 /* Build configuration list for PBXNativeTarget "SwiftTestUtilsPackageDescription" */ = {
			isa = XCConfigurationList;
			buildConfigurations = (
				OBJ_177 /* Debug */,
				OBJ_178 /* Release */,
			);
			defaultConfigurationIsVisible = 0;
			defaultConfigurationName = Release;
		};
		OBJ_2 /* Build configuration list for PBXProject "RuntimeExtensions" */ = {
			isa = XCConfigurationList;
			buildConfigurations = (
				OBJ_3 /* Debug */,
				OBJ_4 /* Release */,
			);
			defaultConfigurationIsVisible = 0;
			defaultConfigurationName = Release;
		};
		OBJ_79 /* Build configuration list for PBXNativeTarget "Runtime" */ = {
			isa = XCConfigurationList;
			buildConfigurations = (
				OBJ_80 /* Debug */,
				OBJ_81 /* Release */,
			);
			defaultConfigurationIsVisible = 0;
			defaultConfigurationName = Release;
		};
/* End XCConfigurationList section */
	};
	rootObject = OBJ_1 /* Project object */;
}
