// !$*UTF8*$!
{
   archiveVersion = "1";
   objectVersion = "46";
   objects = {
      "CRuntime::CRuntime::ProductTarget" = {
         isa = "PBXAggregateTarget";
         buildConfigurationList = "OBJ_94";
         buildPhases = (
         );
         dependencies = (
         );
         name = "CRuntime";
         productName = "CRuntime";
      };
      "OBJ_1" = {
         isa = "PBXProject";
         attributes = {
            LastSwiftMigration = "9999";
            LastUpgradeCheck = "9999";
         };
         buildConfigurationList = "OBJ_2";
         compatibilityVersion = "Xcode 3.2";
         developmentRegion = "en";
         hasScannedForEncodings = "0";
         knownRegions = (
            "en"
         );
         mainGroup = "OBJ_5";
         productRefGroup = "OBJ_77";
         projectDirPath = ".";
         targets = (
            "CRuntime::CRuntime::ProductTarget",
            "Runtime::Runtime",
            "RuntimeExtensions::RuntimeExtensions",
            "RuntimeExtensions::SwiftPMPackageDescription",
            "RuntimeExtensions::RuntimeExtensionsPackageTests::ProductTarget",
            "RuntimeExtensions::RuntimeExtensionsTests",
            "Runtime::SwiftPMPackageDescription",
            "SwiftTestUtils::SwiftTestUtils",
            "SwiftTestUtils::SwiftPMPackageDescription"
         );
      };
      "OBJ_10" = {
         isa = "PBXFileReference";
         path = "GlobalRuntimeFunctions.swift";
         sourceTree = "<group>";
      };
      "OBJ_100" = {
         isa = "XCBuildConfiguration";
         buildSettings = {
            ENABLE_TESTABILITY = "YES";
            FRAMEWORK_SEARCH_PATHS = (
               "$(inherited)",
               "$(PLATFORM_DIR)/Developer/Library/Frameworks"
            );
            HEADER_SEARCH_PATHS = (
               "$(inherited)",
               "$(SRCROOT)/.build/checkouts/CRuntime/Sources/CRuntime"
            );
            INFOPLIST_FILE = "RuntimeExtensions.xcodeproj/Runtime_Info.plist";
            IPHONEOS_DEPLOYMENT_TARGET = "8.0";
            LD_RUNPATH_SEARCH_PATHS = (
               "$(inherited)",
               "$(TOOLCHAIN_DIR)/usr/lib/swift/macosx"
            );
            MACOSX_DEPLOYMENT_TARGET = "10.10";
            OTHER_CFLAGS = (
               "$(inherited)"
            );
            OTHER_LDFLAGS = (
               "$(inherited)"
            );
            OTHER_SWIFT_FLAGS = (
               "$(inherited)"
            );
            PRODUCT_BUNDLE_IDENTIFIER = "Runtime";
            PRODUCT_MODULE_NAME = "$(TARGET_NAME:c99extidentifier)";
            PRODUCT_NAME = "$(TARGET_NAME:c99extidentifier)";
            SKIP_INSTALL = "YES";
            SWIFT_ACTIVE_COMPILATION_CONDITIONS = (
               "$(inherited)"
            );
            SWIFT_VERSION = "5.0";
            TARGET_NAME = "Runtime";
            TVOS_DEPLOYMENT_TARGET = "9.0";
            WATCHOS_DEPLOYMENT_TARGET = "2.0";
         };
         name = "Release";
      };
      "OBJ_101" = {
         isa = "PBXSourcesBuildPhase";
         files = (
            "OBJ_102",
            "OBJ_103",
            "OBJ_104",
            "OBJ_105",
            "OBJ_106",
            "OBJ_107",
            "OBJ_108",
            "OBJ_109",
            "OBJ_110",
            "OBJ_111",
            "OBJ_112",
            "OBJ_113",
            "OBJ_114",
            "OBJ_115",
            "OBJ_116",
            "OBJ_117",
            "OBJ_118",
            "OBJ_119",
            "OBJ_120",
            "OBJ_121",
            "OBJ_122",
            "OBJ_123",
            "OBJ_124",
            "OBJ_125",
            "OBJ_126",
            "OBJ_127",
            "OBJ_128",
            "OBJ_129",
            "OBJ_130",
            "OBJ_131",
            "OBJ_132",
            "OBJ_133",
            "OBJ_134",
            "OBJ_135",
            "OBJ_136",
            "OBJ_137",
            "OBJ_138",
            "OBJ_139",
            "OBJ_140",
            "OBJ_141",
            "OBJ_142",
            "OBJ_143",
            "OBJ_144",
            "OBJ_145",
            "OBJ_146"
         );
      };
      "OBJ_102" = {
         isa = "PBXBuildFile";
         fileRef = "OBJ_26";
      };
      "OBJ_103" = {
         isa = "PBXBuildFile";
         fileRef = "OBJ_27";
      };
      "OBJ_104" = {
         isa = "PBXBuildFile";
         fileRef = "OBJ_29";
      };
      "OBJ_105" = {
         isa = "PBXBuildFile";
         fileRef = "OBJ_30";
      };
      "OBJ_106" = {
         isa = "PBXBuildFile";
         fileRef = "OBJ_31";
      };
      "OBJ_107" = {
         isa = "PBXBuildFile";
         fileRef = "OBJ_32";
      };
      "OBJ_108" = {
         isa = "PBXBuildFile";
         fileRef = "OBJ_33";
      };
      "OBJ_109" = {
         isa = "PBXBuildFile";
         fileRef = "OBJ_34";
      };
      "OBJ_11" = {
         isa = "PBXFileReference";
         path = "KVC.swift";
         sourceTree = "<group>";
      };
      "OBJ_110" = {
         isa = "PBXBuildFile";
         fileRef = "OBJ_35";
      };
      "OBJ_111" = {
         isa = "PBXBuildFile";
         fileRef = "OBJ_36";
      };
      "OBJ_112" = {
         isa = "PBXBuildFile";
         fileRef = "OBJ_37";
      };
      "OBJ_113" = {
         isa = "PBXBuildFile";
         fileRef = "OBJ_38";
      };
      "OBJ_114" = {
         isa = "PBXBuildFile";
         fileRef = "OBJ_39";
      };
      "OBJ_115" = {
         isa = "PBXBuildFile";
         fileRef = "OBJ_40";
      };
      "OBJ_116" = {
         isa = "PBXBuildFile";
         fileRef = "OBJ_41";
      };
      "OBJ_117" = {
         isa = "PBXBuildFile";
         fileRef = "OBJ_42";
      };
      "OBJ_118" = {
         isa = "PBXBuildFile";
         fileRef = "OBJ_43";
      };
      "OBJ_119" = {
         isa = "PBXBuildFile";
         fileRef = "OBJ_44";
      };
      "OBJ_12" = {
         isa = "PBXGroup";
         children = (
            "OBJ_13",
            "OBJ_14"
         );
         name = "Tests";
         path = "RuntimeExtensionsTests/Shared";
         sourceTree = "SOURCE_ROOT";
      };
      "OBJ_120" = {
         isa = "PBXBuildFile";
         fileRef = "OBJ_45";
      };
      "OBJ_121" = {
         isa = "PBXBuildFile";
         fileRef = "OBJ_46";
      };
      "OBJ_122" = {
         isa = "PBXBuildFile";
         fileRef = "OBJ_48";
      };
      "OBJ_123" = {
         isa = "PBXBuildFile";
         fileRef = "OBJ_49";
      };
      "OBJ_124" = {
         isa = "PBXBuildFile";
         fileRef = "OBJ_50";
      };
      "OBJ_125" = {
         isa = "PBXBuildFile";
         fileRef = "OBJ_51";
      };
      "OBJ_126" = {
         isa = "PBXBuildFile";
         fileRef = "OBJ_52";
      };
      "OBJ_127" = {
         isa = "PBXBuildFile";
         fileRef = "OBJ_53";
      };
      "OBJ_128" = {
         isa = "PBXBuildFile";
         fileRef = "OBJ_54";
      };
      "OBJ_129" = {
         isa = "PBXBuildFile";
         fileRef = "OBJ_55";
      };
      "OBJ_13" = {
         isa = "PBXFileReference";
         path = "RuntimeExtensionsTests.swift";
         sourceTree = "<group>";
      };
      "OBJ_130" = {
         isa = "PBXBuildFile";
         fileRef = "OBJ_56";
      };
      "OBJ_131" = {
         isa = "PBXBuildFile";
         fileRef = "OBJ_58";
      };
      "OBJ_132" = {
         isa = "PBXBuildFile";
         fileRef = "OBJ_59";
      };
      "OBJ_133" = {
         isa = "PBXBuildFile";
         fileRef = "OBJ_60";
      };
      "OBJ_134" = {
         isa = "PBXBuildFile";
         fileRef = "OBJ_61";
      };
      "OBJ_135" = {
         isa = "PBXBuildFile";
         fileRef = "OBJ_62";
      };
      "OBJ_136" = {
         isa = "PBXBuildFile";
         fileRef = "OBJ_63";
      };
      "OBJ_137" = {
         isa = "PBXBuildFile";
         fileRef = "OBJ_64";
      };
      "OBJ_138" = {
         isa = "PBXBuildFile";
         fileRef = "OBJ_66";
      };
      "OBJ_139" = {
         isa = "PBXBuildFile";
         fileRef = "OBJ_67";
      };
      "OBJ_14" = {
         isa = "PBXGroup";
         children = (
            "OBJ_15",
            "OBJ_16"
         );
         name = "TestModels";
         path = "TestModels";
         sourceTree = "<group>";
      };
      "OBJ_140" = {
         isa = "PBXBuildFile";
         fileRef = "OBJ_68";
      };
      "OBJ_141" = {
         isa = "PBXBuildFile";
         fileRef = "OBJ_69";
      };
      "OBJ_142" = {
         isa = "PBXBuildFile";
         fileRef = "OBJ_70";
      };
      "OBJ_143" = {
         isa = "PBXBuildFile";
         fileRef = "OBJ_72";
      };
      "OBJ_144" = {
         isa = "PBXBuildFile";
         fileRef = "OBJ_73";
      };
      "OBJ_145" = {
         isa = "PBXBuildFile";
         fileRef = "OBJ_74";
      };
      "OBJ_146" = {
         isa = "PBXBuildFile";
         fileRef = "OBJ_75";
      };
      "OBJ_147" = {
         isa = "PBXFrameworksBuildPhase";
         files = (
         );
      };
      "OBJ_149" = {
         isa = "XCConfigurationList";
         buildConfigurations = (
            "OBJ_150",
            "OBJ_151"
         );
         defaultConfigurationIsVisible = "0";
         defaultConfigurationName = "Release";
      };
      "OBJ_15" = {
         isa = "PBXFileReference";
         path = "TestKVCModel.swift";
         sourceTree = "<group>";
      };
      "OBJ_150" = {
         isa = "XCBuildConfiguration";
         buildSettings = {
            ENABLE_TESTABILITY = "YES";
            FRAMEWORK_SEARCH_PATHS = (
               "$(inherited)",
               "$(PLATFORM_DIR)/Developer/Library/Frameworks"
            );
            HEADER_SEARCH_PATHS = (
               "$(inherited)",
               "$(SRCROOT)/.build/checkouts/CRuntime/Sources/CRuntime"
            );
            INFOPLIST_FILE = "RuntimeExtensions.xcodeproj/RuntimeExtensions_Info.plist";
            IPHONEOS_DEPLOYMENT_TARGET = "8.0";
            LD_RUNPATH_SEARCH_PATHS = (
               "$(inherited)",
               "$(TOOLCHAIN_DIR)/usr/lib/swift/macosx"
            );
            MACOSX_DEPLOYMENT_TARGET = "10.10";
            OTHER_CFLAGS = (
               "$(inherited)"
            );
            OTHER_LDFLAGS = (
               "$(inherited)"
            );
            OTHER_SWIFT_FLAGS = (
               "$(inherited)"
            );
            PRODUCT_BUNDLE_IDENTIFIER = "RuntimeExtensions";
            PRODUCT_MODULE_NAME = "$(TARGET_NAME:c99extidentifier)";
            PRODUCT_NAME = "$(TARGET_NAME:c99extidentifier)";
            SKIP_INSTALL = "YES";
            SWIFT_ACTIVE_COMPILATION_CONDITIONS = (
               "$(inherited)"
            );
            SWIFT_VERSION = "5.0";
            TARGET_NAME = "RuntimeExtensions";
            TVOS_DEPLOYMENT_TARGET = "9.0";
            WATCHOS_DEPLOYMENT_TARGET = "2.0";
         };
         name = "Debug";
      };
      "OBJ_151" = {
         isa = "XCBuildConfiguration";
         buildSettings = {
            ENABLE_TESTABILITY = "YES";
            FRAMEWORK_SEARCH_PATHS = (
               "$(inherited)",
               "$(PLATFORM_DIR)/Developer/Library/Frameworks"
            );
            HEADER_SEARCH_PATHS = (
               "$(inherited)",
               "$(SRCROOT)/.build/checkouts/CRuntime/Sources/CRuntime"
            );
            INFOPLIST_FILE = "RuntimeExtensions.xcodeproj/RuntimeExtensions_Info.plist";
            IPHONEOS_DEPLOYMENT_TARGET = "8.0";
            LD_RUNPATH_SEARCH_PATHS = (
               "$(inherited)",
               "$(TOOLCHAIN_DIR)/usr/lib/swift/macosx"
            );
            MACOSX_DEPLOYMENT_TARGET = "10.10";
            OTHER_CFLAGS = (
               "$(inherited)"
            );
            OTHER_LDFLAGS = (
               "$(inherited)"
            );
            OTHER_SWIFT_FLAGS = (
               "$(inherited)"
            );
            PRODUCT_BUNDLE_IDENTIFIER = "RuntimeExtensions";
            PRODUCT_MODULE_NAME = "$(TARGET_NAME:c99extidentifier)";
            PRODUCT_NAME = "$(TARGET_NAME:c99extidentifier)";
            SKIP_INSTALL = "YES";
            SWIFT_ACTIVE_COMPILATION_CONDITIONS = (
               "$(inherited)"
            );
            SWIFT_VERSION = "5.0";
            TARGET_NAME = "RuntimeExtensions";
            TVOS_DEPLOYMENT_TARGET = "9.0";
            WATCHOS_DEPLOYMENT_TARGET = "2.0";
         };
         name = "Release";
      };
      "OBJ_152" = {
         isa = "PBXSourcesBuildPhase";
         files = (
            "OBJ_153",
            "OBJ_154",
            "OBJ_155",
            "OBJ_156"
         );
      };
      "OBJ_153" = {
         isa = "PBXBuildFile";
         fileRef = "OBJ_8";
      };
      "OBJ_154" = {
         isa = "PBXBuildFile";
         fileRef = "OBJ_9";
      };
      "OBJ_155" = {
         isa = "PBXBuildFile";
         fileRef = "OBJ_10";
      };
      "OBJ_156" = {
         isa = "PBXBuildFile";
         fileRef = "OBJ_11";
      };
      "OBJ_157" = {
         isa = "PBXFrameworksBuildPhase";
         files = (
            "OBJ_158"
         );
      };
      "OBJ_158" = {
         isa = "PBXBuildFile";
         fileRef = "Runtime::Runtime::Product";
      };
      "OBJ_159" = {
         isa = "PBXTargetDependency";
         target = "Runtime::Runtime";
      };
      "OBJ_16" = {
         isa = "PBXFileReference";
         path = "TestKVCStruct.swift";
         sourceTree = "<group>";
      };
      "OBJ_161" = {
         isa = "XCConfigurationList";
         buildConfigurations = (
            "OBJ_162",
            "OBJ_163"
         );
         defaultConfigurationIsVisible = "0";
         defaultConfigurationName = "Release";
      };
      "OBJ_162" = {
         isa = "XCBuildConfiguration";
         buildSettings = {
            LD = "/usr/bin/true";
            OTHER_SWIFT_FLAGS = (
               "-swift-version",
               "5",
               "-I",
               "$(TOOLCHAIN_DIR)/usr/lib/swift/pm/4_2",
               "-target",
               "x86_64-apple-macosx10.10",
               "-sdk",
               "/Applications/Xcode.app/Contents/Developer/Platforms/MacOSX.platform/Developer/SDKs/MacOSX10.15.sdk",
               "-package-description-version",
               "5"
            );
            SWIFT_VERSION = "5.0";
         };
         name = "Debug";
      };
      "OBJ_163" = {
         isa = "XCBuildConfiguration";
         buildSettings = {
            LD = "/usr/bin/true";
            OTHER_SWIFT_FLAGS = (
               "-swift-version",
               "5",
               "-I",
               "$(TOOLCHAIN_DIR)/usr/lib/swift/pm/4_2",
               "-target",
               "x86_64-apple-macosx10.10",
               "-sdk",
               "/Applications/Xcode.app/Contents/Developer/Platforms/MacOSX.platform/Developer/SDKs/MacOSX10.15.sdk",
               "-package-description-version",
               "5"
            );
            SWIFT_VERSION = "5.0";
         };
         name = "Release";
      };
      "OBJ_164" = {
         isa = "PBXSourcesBuildPhase";
         files = (
            "OBJ_165"
         );
      };
      "OBJ_165" = {
         isa = "PBXBuildFile";
         fileRef = "OBJ_6";
      };
      "OBJ_167" = {
         isa = "XCConfigurationList";
         buildConfigurations = (
            "OBJ_168",
            "OBJ_169"
         );
         defaultConfigurationIsVisible = "0";
         defaultConfigurationName = "Release";
      };
      "OBJ_168" = {
         isa = "XCBuildConfiguration";
         buildSettings = {
         };
         name = "Debug";
      };
      "OBJ_169" = {
         isa = "XCBuildConfiguration";
         buildSettings = {
         };
         name = "Release";
      };
      "OBJ_17" = {
         isa = "PBXGroup";
         children = (
            "OBJ_18",
            "OBJ_23"
         );
         name = "Dependencies";
         path = "";
         sourceTree = "<group>";
      };
      "OBJ_170" = {
         isa = "PBXTargetDependency";
         target = "RuntimeExtensions::RuntimeExtensionsTests";
      };
      "OBJ_172" = {
         isa = "XCConfigurationList";
         buildConfigurations = (
            "OBJ_173",
            "OBJ_174"
         );
         defaultConfigurationIsVisible = "0";
         defaultConfigurationName = "Release";
      };
      "OBJ_173" = {
         isa = "XCBuildConfiguration";
         buildSettings = {
            CLANG_ENABLE_MODULES = "YES";
            EMBEDDED_CONTENT_CONTAINS_SWIFT = "YES";
            FRAMEWORK_SEARCH_PATHS = (
               "$(inherited)",
               "$(PLATFORM_DIR)/Developer/Library/Frameworks"
            );
            HEADER_SEARCH_PATHS = (
               "$(inherited)",
               "$(SRCROOT)/.build/checkouts/CRuntime/Sources/CRuntime"
            );
            INFOPLIST_FILE = "RuntimeExtensions.xcodeproj/RuntimeExtensionsTests_Info.plist";
            IPHONEOS_DEPLOYMENT_TARGET = "8.0";
            LD_RUNPATH_SEARCH_PATHS = (
               "$(inherited)",
               "@loader_path/../Frameworks",
               "@loader_path/Frameworks"
            );
            MACOSX_DEPLOYMENT_TARGET = "10.10";
            OTHER_CFLAGS = (
               "$(inherited)"
            );
            OTHER_LDFLAGS = (
               "$(inherited)"
            );
            OTHER_SWIFT_FLAGS = (
               "$(inherited)"
            );
            SWIFT_ACTIVE_COMPILATION_CONDITIONS = (
               "$(inherited)"
            );
            SWIFT_VERSION = "5.0";
            TARGET_NAME = "RuntimeExtensionsTests";
            TVOS_DEPLOYMENT_TARGET = "9.0";
            WATCHOS_DEPLOYMENT_TARGET = "2.0";
         };
         name = "Debug";
      };
      "OBJ_174" = {
         isa = "XCBuildConfiguration";
         buildSettings = {
            CLANG_ENABLE_MODULES = "YES";
            EMBEDDED_CONTENT_CONTAINS_SWIFT = "YES";
            FRAMEWORK_SEARCH_PATHS = (
               "$(inherited)",
               "$(PLATFORM_DIR)/Developer/Library/Frameworks"
            );
            HEADER_SEARCH_PATHS = (
               "$(inherited)",
               "$(SRCROOT)/.build/checkouts/CRuntime/Sources/CRuntime"
            );
            INFOPLIST_FILE = "RuntimeExtensions.xcodeproj/RuntimeExtensionsTests_Info.plist";
            IPHONEOS_DEPLOYMENT_TARGET = "8.0";
            LD_RUNPATH_SEARCH_PATHS = (
               "$(inherited)",
               "@loader_path/../Frameworks",
               "@loader_path/Frameworks"
            );
            MACOSX_DEPLOYMENT_TARGET = "10.10";
            OTHER_CFLAGS = (
               "$(inherited)"
            );
            OTHER_LDFLAGS = (
               "$(inherited)"
            );
            OTHER_SWIFT_FLAGS = (
               "$(inherited)"
            );
            SWIFT_ACTIVE_COMPILATION_CONDITIONS = (
               "$(inherited)"
            );
            SWIFT_VERSION = "5.0";
            TARGET_NAME = "RuntimeExtensionsTests";
            TVOS_DEPLOYMENT_TARGET = "9.0";
            WATCHOS_DEPLOYMENT_TARGET = "2.0";
         };
         name = "Release";
      };
      "OBJ_175" = {
         isa = "PBXSourcesBuildPhase";
         files = (
            "OBJ_176",
            "OBJ_177",
            "OBJ_178"
         );
      };
      "OBJ_176" = {
         isa = "PBXBuildFile";
         fileRef = "OBJ_13";
      };
      "OBJ_177" = {
         isa = "PBXBuildFile";
         fileRef = "OBJ_15";
      };
      "OBJ_178" = {
         isa = "PBXBuildFile";
         fileRef = "OBJ_16";
      };
      "OBJ_179" = {
         isa = "PBXFrameworksBuildPhase";
         files = (
            "OBJ_180",
            "OBJ_181",
            "OBJ_182"
         );
      };
      "OBJ_18" = {
         isa = "PBXGroup";
         children = (
            "OBJ_19",
            "OBJ_20",
            "OBJ_21",
            "OBJ_22"
         );
         name = "SwiftTestUtils 1.0.1";
         path = ".build/checkouts/SwiftTestUtils/Sources/Shared";
         sourceTree = "SOURCE_ROOT";
      };
      "OBJ_180" = {
         isa = "PBXBuildFile";
         fileRef = "SwiftTestUtils::SwiftTestUtils::Product";
      };
      "OBJ_181" = {
         isa = "PBXBuildFile";
         fileRef = "RuntimeExtensions::RuntimeExtensions::Product";
      };
      "OBJ_182" = {
         isa = "PBXBuildFile";
         fileRef = "Runtime::Runtime::Product";
      };
      "OBJ_183" = {
         isa = "PBXTargetDependency";
         target = "SwiftTestUtils::SwiftTestUtils";
      };
      "OBJ_185" = {
         isa = "PBXTargetDependency";
         target = "RuntimeExtensions::RuntimeExtensions";
      };
      "OBJ_186" = {
         isa = "PBXTargetDependency";
         target = "Runtime::Runtime";
      };
      "OBJ_188" = {
         isa = "XCConfigurationList";
         buildConfigurations = (
            "OBJ_189",
            "OBJ_190"
         );
         defaultConfigurationIsVisible = "0";
         defaultConfigurationName = "Release";
      };
      "OBJ_189" = {
         isa = "XCBuildConfiguration";
         buildSettings = {
            LD = "/usr/bin/true";
            OTHER_SWIFT_FLAGS = (
               "-swift-version",
               "5",
               "-I",
               "$(TOOLCHAIN_DIR)/usr/lib/swift/pm/4_2",
               "-target",
               "x86_64-apple-macosx10.10",
               "-sdk",
               "/Applications/Xcode.app/Contents/Developer/Platforms/MacOSX.platform/Developer/SDKs/MacOSX10.15.sdk",
               "-package-description-version",
               "5"
            );
            SWIFT_VERSION = "5.0";
         };
         name = "Debug";
      };
      "OBJ_19" = {
         isa = "PBXFileReference";
         explicitFileType = "sourcecode.swift";
         name = "Package.swift";
         path = "/Users/brianstrobach/Appsaurus/Company/Projects/OpenSource/Swift/RuntimeExtensions/.build/checkouts/SwiftTestUtils/Package.swift";
         sourceTree = "<group>";
      };
      "OBJ_190" = {
         isa = "XCBuildConfiguration";
         buildSettings = {
            LD = "/usr/bin/true";
            OTHER_SWIFT_FLAGS = (
               "-swift-version",
               "5",
               "-I",
               "$(TOOLCHAIN_DIR)/usr/lib/swift/pm/4_2",
               "-target",
               "x86_64-apple-macosx10.10",
               "-sdk",
               "/Applications/Xcode.app/Contents/Developer/Platforms/MacOSX.platform/Developer/SDKs/MacOSX10.15.sdk",
               "-package-description-version",
               "5"
            );
            SWIFT_VERSION = "5.0";
         };
         name = "Release";
      };
      "OBJ_191" = {
         isa = "PBXSourcesBuildPhase";
         files = (
            "OBJ_192"
         );
      };
      "OBJ_192" = {
         isa = "PBXBuildFile";
         fileRef = "OBJ_76";
      };
      "OBJ_193" = {
         isa = "XCConfigurationList";
         buildConfigurations = (
            "OBJ_194",
            "OBJ_195"
         );
         defaultConfigurationIsVisible = "0";
         defaultConfigurationName = "Release";
      };
      "OBJ_194" = {
         isa = "XCBuildConfiguration";
         buildSettings = {
            ENABLE_TESTABILITY = "YES";
            FRAMEWORK_SEARCH_PATHS = (
               "$(inherited)",
               "$(PLATFORM_DIR)/Developer/Library/Frameworks"
            );
            HEADER_SEARCH_PATHS = (
               "$(inherited)"
            );
            INFOPLIST_FILE = "RuntimeExtensions.xcodeproj/SwiftTestUtils_Info.plist";
            LD_RUNPATH_SEARCH_PATHS = (
               "$(inherited)",
               "$(TOOLCHAIN_DIR)/usr/lib/swift/macosx"
            );
            OTHER_CFLAGS = (
               "$(inherited)"
            );
            OTHER_LDFLAGS = (
               "$(inherited)"
            );
            OTHER_SWIFT_FLAGS = (
               "$(inherited)"
            );
            PRODUCT_BUNDLE_IDENTIFIER = "SwiftTestUtils";
            PRODUCT_MODULE_NAME = "$(TARGET_NAME:c99extidentifier)";
            PRODUCT_NAME = "$(TARGET_NAME:c99extidentifier)";
            SKIP_INSTALL = "YES";
            SWIFT_ACTIVE_COMPILATION_CONDITIONS = (
               "$(inherited)"
            );
            SWIFT_VERSION = "4.0";
            TARGET_NAME = "SwiftTestUtils";
         };
         name = "Debug";
      };
      "OBJ_195" = {
         isa = "XCBuildConfiguration";
         buildSettings = {
            ENABLE_TESTABILITY = "YES";
            FRAMEWORK_SEARCH_PATHS = (
               "$(inherited)",
               "$(PLATFORM_DIR)/Developer/Library/Frameworks"
            );
            HEADER_SEARCH_PATHS = (
               "$(inherited)"
            );
            INFOPLIST_FILE = "RuntimeExtensions.xcodeproj/SwiftTestUtils_Info.plist";
            LD_RUNPATH_SEARCH_PATHS = (
               "$(inherited)",
               "$(TOOLCHAIN_DIR)/usr/lib/swift/macosx"
            );
            OTHER_CFLAGS = (
               "$(inherited)"
            );
            OTHER_LDFLAGS = (
               "$(inherited)"
            );
            OTHER_SWIFT_FLAGS = (
               "$(inherited)"
            );
            PRODUCT_BUNDLE_IDENTIFIER = "SwiftTestUtils";
            PRODUCT_MODULE_NAME = "$(TARGET_NAME:c99extidentifier)";
            PRODUCT_NAME = "$(TARGET_NAME:c99extidentifier)";
            SKIP_INSTALL = "YES";
            SWIFT_ACTIVE_COMPILATION_CONDITIONS = (
               "$(inherited)"
            );
            SWIFT_VERSION = "4.0";
            TARGET_NAME = "SwiftTestUtils";
         };
         name = "Release";
      };
      "OBJ_196" = {
         isa = "PBXSourcesBuildPhase";
         files = (
            "OBJ_197",
            "OBJ_198",
            "OBJ_199"
         );
      };
      "OBJ_197" = {
         isa = "PBXBuildFile";
         fileRef = "OBJ_20";
      };
      "OBJ_198" = {
         isa = "PBXBuildFile";
         fileRef = "OBJ_21";
      };
      "OBJ_199" = {
         isa = "PBXBuildFile";
         fileRef = "OBJ_22";
      };
      "OBJ_2" = {
         isa = "XCConfigurationList";
         buildConfigurations = (
            "OBJ_3",
            "OBJ_4"
         );
         defaultConfigurationIsVisible = "0";
         defaultConfigurationName = "Release";
      };
      "OBJ_20" = {
         isa = "PBXFileReference";
         path = "BaseTestCase.swift";
         sourceTree = "<group>";
      };
      "OBJ_200" = {
         isa = "PBXFrameworksBuildPhase";
         files = (
         );
      };
      "OBJ_202" = {
         isa = "XCConfigurationList";
         buildConfigurations = (
            "OBJ_203",
            "OBJ_204"
         );
         defaultConfigurationIsVisible = "0";
         defaultConfigurationName = "Release";
      };
      "OBJ_203" = {
         isa = "XCBuildConfiguration";
         buildSettings = {
            LD = "/usr/bin/true";
            OTHER_SWIFT_FLAGS = (
               "-swift-version",
               "4",
               "-I",
               "$(TOOLCHAIN_DIR)/usr/lib/swift/pm/4",
               "-target",
               "x86_64-apple-macosx10.10",
               "-sdk",
               "/Applications/Xcode.app/Contents/Developer/Platforms/MacOSX.platform/Developer/SDKs/MacOSX10.15.sdk",
               "-package-description-version",
               "4"
            );
            SWIFT_VERSION = "4.0";
         };
         name = "Debug";
      };
      "OBJ_204" = {
         isa = "XCBuildConfiguration";
         buildSettings = {
            LD = "/usr/bin/true";
            OTHER_SWIFT_FLAGS = (
               "-swift-version",
               "4",
               "-I",
               "$(TOOLCHAIN_DIR)/usr/lib/swift/pm/4",
               "-target",
               "x86_64-apple-macosx10.10",
               "-sdk",
               "/Applications/Xcode.app/Contents/Developer/Platforms/MacOSX.platform/Developer/SDKs/MacOSX10.15.sdk",
               "-package-description-version",
               "4"
            );
            SWIFT_VERSION = "4.0";
         };
         name = "Release";
      };
      "OBJ_205" = {
         isa = "PBXSourcesBuildPhase";
         files = (
            "OBJ_206"
         );
      };
      "OBJ_206" = {
         isa = "PBXBuildFile";
         fileRef = "OBJ_19";
      };
      "OBJ_21" = {
         isa = "PBXFileReference";
         path = "LinuxTestable.swift";
         sourceTree = "<group>";
      };
      "OBJ_22" = {
         isa = "PBXFileReference";
         path = "XCAssertions.swift";
         sourceTree = "<group>";
      };
      "OBJ_23" = {
         isa = "PBXGroup";
         children = (
            "OBJ_24",
            "OBJ_76"
         );
         name = "Runtime 2.1.1";
         path = "";
         sourceTree = "SOURCE_ROOT";
      };
      "OBJ_24" = {
         isa = "PBXGroup";
         children = (
            "OBJ_25",
            "OBJ_28",
            "OBJ_47",
            "OBJ_57",
            "OBJ_65",
            "OBJ_71"
         );
         name = "Runtime";
         path = ".build/checkouts/Runtime/Sources/Runtime";
         sourceTree = "SOURCE_ROOT";
      };
      "OBJ_25" = {
         isa = "PBXGroup";
         children = (
            "OBJ_26",
            "OBJ_27"
         );
         name = "Factory";
         path = "Factory";
         sourceTree = "<group>";
      };
      "OBJ_26" = {
         isa = "PBXFileReference";
         path = "DefaultValue.swift";
         sourceTree = "<group>";
      };
      "OBJ_27" = {
         isa = "PBXFileReference";
         path = "Factory.swift";
         sourceTree = "<group>";
      };
      "OBJ_28" = {
         isa = "PBXGroup";
         children = (
            "OBJ_29",
            "OBJ_30",
            "OBJ_31",
            "OBJ_32",
            "OBJ_33",
            "OBJ_34",
            "OBJ_35",
            "OBJ_36",
            "OBJ_37",
            "OBJ_38",
            "OBJ_39",
            "OBJ_40",
            "OBJ_41",
            "OBJ_42",
            "OBJ_43",
            "OBJ_44",
            "OBJ_45",
            "OBJ_46"
         );
         name = "Layouts";
         path = "Layouts";
         sourceTree = "<group>";
      };
      "OBJ_29" = {
         isa = "PBXFileReference";
         path = "ClassHeader.swift";
         sourceTree = "<group>";
      };
      "OBJ_3" = {
         isa = "XCBuildConfiguration";
         buildSettings = {
            CLANG_ENABLE_OBJC_ARC = "YES";
            COMBINE_HIDPI_IMAGES = "YES";
            COPY_PHASE_STRIP = "NO";
            DEBUG_INFORMATION_FORMAT = "dwarf";
            DYLIB_INSTALL_NAME_BASE = "@rpath";
            ENABLE_NS_ASSERTIONS = "YES";
            GCC_OPTIMIZATION_LEVEL = "0";
            GCC_PREPROCESSOR_DEFINITIONS = (
               "$(inherited)",
               "SWIFT_PACKAGE=1",
               "DEBUG=1"
            );
            MACOSX_DEPLOYMENT_TARGET = "10.10";
            ONLY_ACTIVE_ARCH = "YES";
            OTHER_SWIFT_FLAGS = (
               "$(inherited)",
               "-DXcode"
            );
            PRODUCT_NAME = "$(TARGET_NAME)";
            SDKROOT = "macosx";
            SUPPORTED_PLATFORMS = (
               "macosx",
               "iphoneos",
               "iphonesimulator",
               "appletvos",
               "appletvsimulator",
               "watchos",
               "watchsimulator"
            );
            SWIFT_ACTIVE_COMPILATION_CONDITIONS = (
               "$(inherited)",
               "SWIFT_PACKAGE",
               "DEBUG"
            );
            SWIFT_OPTIMIZATION_LEVEL = "-Onone";
            USE_HEADERMAP = "NO";
         };
         name = "Debug";
      };
      "OBJ_30" = {
         isa = "PBXFileReference";
         path = "ClassMetadataLayout.swift";
         sourceTree = "<group>";
      };
      "OBJ_31" = {
         isa = "PBXFileReference";
         path = "ClassTypeDescriptor.swift";
         sourceTree = "<group>";
      };
      "OBJ_32" = {
         isa = "PBXFileReference";
         path = "EnumMetadataLayout.swift";
         sourceTree = "<group>";
      };
      "OBJ_33" = {
         isa = "PBXFileReference";
         path = "EnumTypeDescriptor.swift";
         sourceTree = "<group>";
      };
      "OBJ_34" = {
         isa = "PBXFileReference";
         path = "ExistentialContainter.swift";
         sourceTree = "<group>";
      };
      "OBJ_35" = {
         isa = "PBXFileReference";
         path = "FieldDescriptor.swift";
         sourceTree = "<group>";
      };
      "OBJ_36" = {
         isa = "PBXFileReference";
         path = "FunctionMetadataLayout.swift";
         sourceTree = "<group>";
      };
      "OBJ_37" = {
         isa = "PBXFileReference";
         path = "MetadataLayoutType.swift";
         sourceTree = "<group>";
      };
      "OBJ_38" = {
         isa = "PBXFileReference";
         path = "ProtocolDescriptor.swift";
         sourceTree = "<group>";
      };
      "OBJ_39" = {
         isa = "PBXFileReference";
         path = "ProtocolMetadataLayout.swift";
         sourceTree = "<group>";
      };
      "OBJ_4" = {
         isa = "XCBuildConfiguration";
         buildSettings = {
            CLANG_ENABLE_OBJC_ARC = "YES";
            COMBINE_HIDPI_IMAGES = "YES";
            COPY_PHASE_STRIP = "YES";
            DEBUG_INFORMATION_FORMAT = "dwarf-with-dsym";
            DYLIB_INSTALL_NAME_BASE = "@rpath";
            GCC_OPTIMIZATION_LEVEL = "s";
            GCC_PREPROCESSOR_DEFINITIONS = (
               "$(inherited)",
               "SWIFT_PACKAGE=1"
            );
            MACOSX_DEPLOYMENT_TARGET = "10.10";
            OTHER_SWIFT_FLAGS = (
               "$(inherited)",
               "-DXcode"
            );
            PRODUCT_NAME = "$(TARGET_NAME)";
            SDKROOT = "macosx";
            SUPPORTED_PLATFORMS = (
               "macosx",
               "iphoneos",
               "iphonesimulator",
               "appletvos",
               "appletvsimulator",
               "watchos",
               "watchsimulator"
            );
            SWIFT_ACTIVE_COMPILATION_CONDITIONS = (
               "$(inherited)",
               "SWIFT_PACKAGE"
            );
            SWIFT_OPTIMIZATION_LEVEL = "-Owholemodule";
            USE_HEADERMAP = "NO";
         };
         name = "Release";
      };
      "OBJ_40" = {
         isa = "PBXFileReference";
         path = "ProtocolTypeContainer.swift";
         sourceTree = "<group>";
      };
      "OBJ_41" = {
         isa = "PBXFileReference";
         path = "StructMetadataLayout.swift";
         sourceTree = "<group>";
      };
      "OBJ_42" = {
         isa = "PBXFileReference";
         path = "StructTypeDescriptor.swift";
         sourceTree = "<group>";
      };
      "OBJ_43" = {
         isa = "PBXFileReference";
         path = "TargetTypeGenericContextDescriptorHeader.swift";
         sourceTree = "<group>";
      };
      "OBJ_44" = {
         isa = "PBXFileReference";
         path = "TupleMetadataLayout.swift";
         sourceTree = "<group>";
      };
      "OBJ_45" = {
         isa = "PBXFileReference";
         path = "TypeDescriptor.swift";
         sourceTree = "<group>";
      };
      "OBJ_46" = {
         isa = "PBXFileReference";
         path = "ValueWitnessTable.swift";
         sourceTree = "<group>";
      };
      "OBJ_47" = {
         isa = "PBXGroup";
         children = (
            "OBJ_48",
            "OBJ_49",
            "OBJ_50",
            "OBJ_51",
            "OBJ_52",
            "OBJ_53",
            "OBJ_54",
            "OBJ_55",
            "OBJ_56"
         );
         name = "Metadata";
         path = "Metadata";
         sourceTree = "<group>";
      };
      "OBJ_48" = {
         isa = "PBXFileReference";
         path = "ClassMetadata.swift";
         sourceTree = "<group>";
      };
      "OBJ_49" = {
         isa = "PBXFileReference";
         path = "EnumMetadata.swift";
         sourceTree = "<group>";
      };
      "OBJ_5" = {
         isa = "PBXGroup";
         children = (
            "OBJ_6",
            "OBJ_7",
            "OBJ_12",
            "OBJ_17",
            "OBJ_77",
            "OBJ_82",
            "OBJ_83",
            "OBJ_84",
            "OBJ_85",
            "OBJ_86",
            "OBJ_87",
            "OBJ_88",
            "OBJ_89",
            "OBJ_90",
            "OBJ_91",
            "OBJ_92"
         );
         path = "";
         sourceTree = "<group>";
      };
      "OBJ_50" = {
         isa = "PBXFileReference";
         path = "FuntionMetadata.swift";
         sourceTree = "<group>";
      };
      "OBJ_51" = {
         isa = "PBXFileReference";
         path = "Metadata.swift";
         sourceTree = "<group>";
      };
      "OBJ_52" = {
         isa = "PBXFileReference";
         path = "MetadataType.swift";
         sourceTree = "<group>";
      };
      "OBJ_53" = {
         isa = "PBXFileReference";
         path = "NominalMetadataType.swift";
         sourceTree = "<group>";
      };
      "OBJ_54" = {
         isa = "PBXFileReference";
         path = "ProtocolMetadata.swift";
         sourceTree = "<group>";
      };
      "OBJ_55" = {
         isa = "PBXFileReference";
         path = "StructMetadata.swift";
         sourceTree = "<group>";
      };
      "OBJ_56" = {
         isa = "PBXFileReference";
         path = "TupleMetadata.swift";
         sourceTree = "<group>";
      };
      "OBJ_57" = {
         isa = "PBXGroup";
         children = (
            "OBJ_58",
            "OBJ_59",
            "OBJ_60",
            "OBJ_61",
            "OBJ_62",
            "OBJ_63",
            "OBJ_64"
         );
         name = "Models";
         path = "Models";
         sourceTree = "<group>";
      };
      "OBJ_58" = {
         isa = "PBXFileReference";
         path = "Case.swift";
         sourceTree = "<group>";
      };
      "OBJ_59" = {
         isa = "PBXFileReference";
         path = "Errors.swift";
         sourceTree = "<group>";
      };
      "OBJ_6" = {
         isa = "PBXFileReference";
         explicitFileType = "sourcecode.swift";
         path = "Package.swift";
         sourceTree = "<group>";
      };
      "OBJ_60" = {
         isa = "PBXFileReference";
         path = "FunctionInfo.swift";
         sourceTree = "<group>";
      };
      "OBJ_61" = {
         isa = "PBXFileReference";
         path = "Kind.swift";
         sourceTree = "<group>";
      };
      "OBJ_62" = {
         isa = "PBXFileReference";
         path = "PropertyInfo.swift";
         sourceTree = "<group>";
      };
      "OBJ_63" = {
         isa = "PBXFileReference";
         path = "TypeInfo.swift";
         sourceTree = "<group>";
      };
      "OBJ_64" = {
         isa = "PBXFileReference";
         path = "TypeInfoConvertible.swift";
         sourceTree = "<group>";
      };
      "OBJ_65" = {
         isa = "PBXGroup";
         children = (
            "OBJ_66",
            "OBJ_67",
            "OBJ_68",
            "OBJ_69",
            "OBJ_70"
         );
         name = "Pointers";
         path = "Pointers";
         sourceTree = "<group>";
      };
      "OBJ_66" = {
         isa = "PBXFileReference";
         path = "Pointers.swift";
         sourceTree = "<group>";
      };
      "OBJ_67" = {
         isa = "PBXFileReference";
         path = "RelativePointer.swift";
         sourceTree = "<group>";
      };
      "OBJ_68" = {
         isa = "PBXFileReference";
         path = "RelativeVectorPointer.swift";
         sourceTree = "<group>";
      };
      "OBJ_69" = {
         isa = "PBXFileReference";
         path = "Union.swift";
         sourceTree = "<group>";
      };
      "OBJ_7" = {
         isa = "PBXGroup";
         children = (
            "OBJ_8",
            "OBJ_9",
            "OBJ_10",
            "OBJ_11"
         );
         name = "Sources";
         path = "Sources/Shared";
         sourceTree = "SOURCE_ROOT";
      };
      "OBJ_70" = {
         isa = "PBXFileReference";
         path = "Vector.swift";
         sourceTree = "<group>";
      };
      "OBJ_71" = {
         isa = "PBXGroup";
         children = (
            "OBJ_72",
            "OBJ_73",
            "OBJ_74",
            "OBJ_75"
         );
         name = "Utilities";
         path = "Utilities";
         sourceTree = "<group>";
      };
      "OBJ_72" = {
         isa = "PBXFileReference";
         path = "GettersSetters.swift";
         sourceTree = "<group>";
      };
      "OBJ_73" = {
         isa = "PBXFileReference";
         path = "Pointer+Extensions.swift";
         sourceTree = "<group>";
      };
      "OBJ_74" = {
         isa = "PBXFileReference";
         path = "RetainCounts.swift";
         sourceTree = "<group>";
      };
      "OBJ_75" = {
         isa = "PBXFileReference";
         path = "String+Extensions.swift";
         sourceTree = "<group>";
      };
      "OBJ_76" = {
         isa = "PBXFileReference";
         explicitFileType = "sourcecode.swift";
         name = "Package.swift";
         path = "/Users/brianstrobach/Appsaurus/Company/Projects/OpenSource/Swift/RuntimeExtensions/.build/checkouts/Runtime/Package.swift";
         sourceTree = "<group>";
      };
      "OBJ_77" = {
         isa = "PBXGroup";
         children = (
            "RuntimeExtensions::RuntimeExtensionsTests::Product",
            "SwiftTestUtils::SwiftTestUtils::Product",
            "RuntimeExtensions::RuntimeExtensions::Product",
            "Runtime::Runtime::Product"
         );
         name = "Products";
         path = "";
         sourceTree = "BUILT_PRODUCTS_DIR";
      };
      "OBJ_8" = {
         isa = "PBXFileReference";
         path = "EmptyInitializable.swift";
         sourceTree = "<group>";
      };
      "OBJ_82" = {
         isa = "PBXFileReference";
         path = "bin";
         sourceTree = "SOURCE_ROOT";
      };
      "OBJ_83" = {
         isa = "PBXFileReference";
         path = "RuntimeExtensionsTests";
         sourceTree = "SOURCE_ROOT";
      };
      "OBJ_84" = {
         isa = "PBXFileReference";
         path = "Example";
         sourceTree = "SOURCE_ROOT";
      };
      "OBJ_85" = {
         isa = "PBXFileReference";
         path = "Info";
         sourceTree = "SOURCE_ROOT";
      };
      "OBJ_86" = {
         isa = "PBXFileReference";
         path = "LICENSE.md";
         sourceTree = "<group>";
      };
      "OBJ_87" = {
         isa = "PBXFileReference";
         path = "Cartfile";
         sourceTree = "<group>";
      };
      "OBJ_88" = {
         isa = "PBXFileReference";
         path = "README.md";
         sourceTree = "<group>";
      };
      "OBJ_89" = {
         isa = "PBXFileReference";
         path = "run_tests.sh";
         sourceTree = "<group>";
      };
      "OBJ_9" = {
         isa = "PBXFileReference";
         path = "EnumUtils.swift";
         sourceTree = "<group>";
      };
      "OBJ_90" = {
         isa = "PBXFileReference";
         path = "CONTRIBUTING.md";
         sourceTree = "<group>";
      };
      "OBJ_91" = {
         isa = "PBXFileReference";
         path = "circle.yml";
         sourceTree = "<group>";
      };
      "OBJ_92" = {
         isa = "PBXFileReference";
         path = "RuntimeExtensions.podspec";
         sourceTree = "<group>";
      };
      "OBJ_94" = {
         isa = "XCConfigurationList";
         buildConfigurations = (
            "OBJ_95",
            "OBJ_96"
         );
         defaultConfigurationIsVisible = "0";
         defaultConfigurationName = "Release";
      };
      "OBJ_95" = {
         isa = "XCBuildConfiguration";
         buildSettings = {
         };
         name = "Debug";
      };
      "OBJ_96" = {
         isa = "XCBuildConfiguration";
         buildSettings = {
         };
         name = "Release";
      };
      "OBJ_98" = {
         isa = "XCConfigurationList";
         buildConfigurations = (
            "OBJ_99",
            "OBJ_100"
         );
         defaultConfigurationIsVisible = "0";
         defaultConfigurationName = "Release";
      };
      "OBJ_99" = {
         isa = "XCBuildConfiguration";
         buildSettings = {
            ENABLE_TESTABILITY = "YES";
            FRAMEWORK_SEARCH_PATHS = (
               "$(inherited)",
               "$(PLATFORM_DIR)/Developer/Library/Frameworks"
            );
            HEADER_SEARCH_PATHS = (
               "$(inherited)",
               "$(SRCROOT)/.build/checkouts/CRuntime/Sources/CRuntime"
            );
            INFOPLIST_FILE = "RuntimeExtensions.xcodeproj/Runtime_Info.plist";
            IPHONEOS_DEPLOYMENT_TARGET = "8.0";
            LD_RUNPATH_SEARCH_PATHS = (
               "$(inherited)",
               "$(TOOLCHAIN_DIR)/usr/lib/swift/macosx"
            );
            MACOSX_DEPLOYMENT_TARGET = "10.10";
            OTHER_CFLAGS = (
               "$(inherited)"
            );
            OTHER_LDFLAGS = (
               "$(inherited)"
            );
            OTHER_SWIFT_FLAGS = (
               "$(inherited)"
            );
            PRODUCT_BUNDLE_IDENTIFIER = "Runtime";
            PRODUCT_MODULE_NAME = "$(TARGET_NAME:c99extidentifier)";
            PRODUCT_NAME = "$(TARGET_NAME:c99extidentifier)";
            SKIP_INSTALL = "YES";
            SWIFT_ACTIVE_COMPILATION_CONDITIONS = (
               "$(inherited)"
            );
            SWIFT_VERSION = "5.0";
            TARGET_NAME = "Runtime";
            TVOS_DEPLOYMENT_TARGET = "9.0";
            WATCHOS_DEPLOYMENT_TARGET = "2.0";
         };
         name = "Debug";
      };
      "Runtime::Runtime" = {
         isa = "PBXNativeTarget";
         buildConfigurationList = "OBJ_98";
         buildPhases = (
            "OBJ_101",
            "OBJ_147"
         );
         dependencies = (
         );
         name = "Runtime";
         productName = "Runtime";
         productReference = "Runtime::Runtime::Product";
         productType = "com.apple.product-type.framework";
      };
      "Runtime::Runtime::Product" = {
         isa = "PBXFileReference";
         path = "Runtime.framework";
         sourceTree = "BUILT_PRODUCTS_DIR";
      };
      "Runtime::SwiftPMPackageDescription" = {
         isa = "PBXNativeTarget";
         buildConfigurationList = "OBJ_188";
         buildPhases = (
            "OBJ_191"
         );
         dependencies = (
         );
         name = "RuntimePackageDescription";
         productName = "RuntimePackageDescription";
         productType = "com.apple.product-type.framework";
      };
      "RuntimeExtensions::RuntimeExtensions" = {
         isa = "PBXNativeTarget";
         buildConfigurationList = "OBJ_149";
         buildPhases = (
            "OBJ_152",
            "OBJ_157"
         );
         dependencies = (
            "OBJ_159"
         );
         name = "RuntimeExtensions";
         productName = "RuntimeExtensions";
         productReference = "RuntimeExtensions::RuntimeExtensions::Product";
         productType = "com.apple.product-type.framework";
      };
      "RuntimeExtensions::RuntimeExtensions::Product" = {
         isa = "PBXFileReference";
         path = "RuntimeExtensions.framework";
         sourceTree = "BUILT_PRODUCTS_DIR";
      };
      "RuntimeExtensions::RuntimeExtensionsPackageTests::ProductTarget" = {
         isa = "PBXAggregateTarget";
         buildConfigurationList = "OBJ_167";
         buildPhases = (
         );
         dependencies = (
            "OBJ_170"
         );
         name = "RuntimeExtensionsPackageTests";
         productName = "RuntimeExtensionsPackageTests";
      };
      "RuntimeExtensions::RuntimeExtensionsTests" = {
         isa = "PBXNativeTarget";
         buildConfigurationList = "OBJ_172";
         buildPhases = (
            "OBJ_175",
            "OBJ_179"
         );
         dependencies = (
            "OBJ_183",
            "OBJ_185",
            "OBJ_186"
         );
         name = "RuntimeExtensionsTests";
         productName = "RuntimeExtensionsTests";
         productReference = "RuntimeExtensions::RuntimeExtensionsTests::Product";
         productType = "com.apple.product-type.bundle.unit-test";
      };
      "RuntimeExtensions::RuntimeExtensionsTests::Product" = {
         isa = "PBXFileReference";
         path = "RuntimeExtensionsTests.xctest";
         sourceTree = "BUILT_PRODUCTS_DIR";
      };
      "RuntimeExtensions::SwiftPMPackageDescription" = {
         isa = "PBXNativeTarget";
         buildConfigurationList = "OBJ_161";
         buildPhases = (
            "OBJ_164"
         );
         dependencies = (
         );
         name = "RuntimeExtensionsPackageDescription";
         productName = "RuntimeExtensionsPackageDescription";
         productType = "com.apple.product-type.framework";
      };
      "SwiftTestUtils::SwiftPMPackageDescription" = {
         isa = "PBXNativeTarget";
         buildConfigurationList = "OBJ_202";
         buildPhases = (
            "OBJ_205"
         );
         dependencies = (
         );
         name = "SwiftTestUtilsPackageDescription";
         productName = "SwiftTestUtilsPackageDescription";
         productType = "com.apple.product-type.framework";
      };
      "SwiftTestUtils::SwiftTestUtils" = {
         isa = "PBXNativeTarget";
         buildConfigurationList = "OBJ_193";
         buildPhases = (
            "OBJ_196",
            "OBJ_200"
         );
         dependencies = (
         );
         name = "SwiftTestUtils";
         productName = "SwiftTestUtils";
         productReference = "SwiftTestUtils::SwiftTestUtils::Product";
         productType = "com.apple.product-type.framework";
      };
      "SwiftTestUtils::SwiftTestUtils::Product" = {
         isa = "PBXFileReference";
         path = "SwiftTestUtils.framework";
         sourceTree = "BUILT_PRODUCTS_DIR";
      };
   };
   rootObject = "OBJ_1";
}
