{
  "object": {
    "pins": [
      {
        "package": "Runtime",
        "repositoryURL": "https://github.com/wickwirew/Runtime",
        "state": {
          "branch": null,
          "revision": "b90e9ab1c66a964a9edf32fe38ea2774c0e5821b",
          "version": "2.2.7"
        }
      },
      {
        "package": "SwiftTestUtils",
        "repositoryURL": "https://github.com/Appsaurus/SwiftTestUtils",
        "state": {
          "branch": null,
          "revision": "76b498f338b4249898656947fa2713747fa429f7",
          "version": "1.0.1"
        }
      }
    ]
  },
  "version": 1
}
