{
  "object": {
    "pins": [
      {
        "package": "Runtime",
        "repositoryURL": "https://github.com/wickwirew/Runtime",
        "state": {
          "branch": null,
          "revision": "a34cd8f9a1e76e0d0c32f47abae49d6134830825",
          "version": null
        }
      },
      {
        "package": "SwiftTestUtils",
        "repositoryURL": "https://github.com/Appsaurus/SwiftTestUtils",
        "state": {
          "branch": null,
          "revision": "76b498f338b4249898656947fa2713747fa429f7",
          "version": "1.0.1"
        }
      }
    ]
  },
  "version": 1
}
